
Microsoft Visual Studio Solution File, Format Version 12.00
# Visual Studio 14
VisualStudioVersion = 14.0.23107.0
MinimumVisualStudioVersion = 10.0.40219.1
Project("{FAE04EC0-301F-11D3-BF4B-00C04F79EFBC}") = "TEST", "TEST\TEST.csproj", "{BC492079-CEA9-4009-80E6-B534ED966E8C}"
EndProject
Project("{FAE04EC0-301F-11D3-BF4B-00C04F79EFBC}") = "MultiverseCommunication", "MultiverseCommunication\MultiverseCommunication.csproj", "{FB07CE40-6B0F-4C5C-930E-CE64FB5A11E4}"
EndProject
Project("{FAE04EC0-301F-11D3-BF4B-00C04F79EFBC}") = "MagicWords", "MagicWords\MagicWords.csproj", "{42F3885D-B821-482A-A0AB-D8C195D5A6AD}"
EndProject
Project("{FAE04EC0-301F-11D3-BF4B-00C04F79EFBC}") = "Tron3D", "Tron3D\Tron3D.csproj", "{6138B058-D00E-4E29-9E73-03772A5FB4CC}"
EndProject
Global
	GlobalSection(SolutionConfigurationPlatforms) = preSolution
		Debug|Any CPU = Debug|Any CPU
		Release|Any CPU = Release|Any CPU
	EndGlobalSection
	GlobalSection(ProjectConfigurationPlatforms) = postSolution
		{BC492079-CEA9-4009-80E6-B534ED966E8C}.Debug|Any CPU.ActiveCfg = Debug|Any CPU
		{BC492079-CEA9-4009-80E6-B534ED966E8C}.Debug|Any CPU.Build.0 = Debug|Any CPU
		{BC492079-CEA9-4009-80E6-B534ED966E8C}.Release|Any CPU.ActiveCfg = Release|Any CPU
		{BC492079-CEA9-4009-80E6-B534ED966E8C}.Release|Any CPU.Build.0 = Release|Any CPU
		{FB07CE40-6B0F-4C5C-930E-CE64FB5A11E4}.Debug|Any CPU.ActiveCfg = Debug|Any CPU
		{FB07CE40-6B0F-4C5C-930E-CE64FB5A11E4}.Debug|Any CPU.Build.0 = Debug|Any CPU
		{FB07CE40-6B0F-4C5C-930E-CE64FB5A11E4}.Release|Any CPU.ActiveCfg = Release|Any CPU
		{FB07CE40-6B0F-4C5C-930E-CE64FB5A11E4}.Release|Any CPU.Build.0 = Release|Any CPU
		{42F3885D-B821-482A-A0AB-D8C195D5A6AD}.Debug|Any CPU.ActiveCfg = Debug|Any CPU
		{42F3885D-B821-482A-A0AB-D8C195D5A6AD}.Debug|Any CPU.Build.0 = Debug|Any CPU
		{42F3885D-B821-482A-A0AB-D8C195D5A6AD}.Release|Any CPU.ActiveCfg = Release|Any CPU
		{42F3885D-B821-482A-A0AB-D8C195D5A6AD}.Release|Any CPU.Build.0 = Release|Any CPU
		{6138B058-D00E-4E29-9E73-03772A5FB4CC}.Debug|Any CPU.ActiveCfg = Debug|Any CPU
		{6138B058-D00E-4E29-9E73-03772A5FB4CC}.Debug|Any CPU.Build.0 = Debug|Any CPU
		{6138B058-D00E-4E29-9E73-03772A5FB4CC}.Release|Any CPU.ActiveCfg = Release|Any CPU
		{6138B058-D00E-4E29-9E73-03772A5FB4CC}.Release|Any CPU.Build.0 = Release|Any CPU
	EndGlobalSection
	GlobalSection(SolutionProperties) = preSolution
		HideSolutionNode = FALSE
	EndGlobalSection
EndGlobal
