
Microsoft Visual Studio Solution File, Format Version 12.00
# Visual Studio 14
VisualStudioVersion = 14.0.24720.0
MinimumVisualStudioVersion = 10.0.40219.1
Project("{FAE04EC0-301F-11D3-BF4B-00C04F79EFBC}") = "RefactoringYourOwnCode", "RefactoringYourOwnCode\RefactoringYourOwnCode.csproj", "{0E9CA7D9-1BF2-4CDD-B242-3FCD526ED09E}"
EndProject
Project("{FAE04EC0-301F-11D3-BF4B-00C04F79EFBC}") = "MakingCodeReadable", "MakingCodeReadable\MakingCodeReadable.csproj", "{69278F87-F8D1-46E7-9378-4DF020B5658E}"
EndProject
Project("{FAE04EC0-301F-11D3-BF4B-00C04F79EFBC}") = "TEST", "TEST\TEST.csproj", "{F20501A1-1B6C-49F9-9BAA-1C42E5A40939}"
EndProject
Global
	GlobalSection(SolutionConfigurationPlatforms) = preSolution
		Debug|Any CPU = Debug|Any CPU
		Release|Any CPU = Release|Any CPU
	EndGlobalSection
	GlobalSection(ProjectConfigurationPlatforms) = postSolution
		{0E9CA7D9-1BF2-4CDD-B242-3FCD526ED09E}.Debug|Any CPU.ActiveCfg = Debug|Any CPU
		{0E9CA7D9-1BF2-4CDD-B242-3FCD526ED09E}.Debug|Any CPU.Build.0 = Debug|Any CPU
		{0E9CA7D9-1BF2-4CDD-B242-3FCD526ED09E}.Release|Any CPU.ActiveCfg = Release|Any CPU
		{0E9CA7D9-1BF2-4CDD-B242-3FCD526ED09E}.Release|Any CPU.Build.0 = Release|Any CPU
		{69278F87-F8D1-46E7-9378-4DF020B5658E}.Debug|Any CPU.ActiveCfg = Debug|Any CPU
		{69278F87-F8D1-46E7-9378-4DF020B5658E}.Debug|Any CPU.Build.0 = Debug|Any CPU
		{69278F87-F8D1-46E7-9378-4DF020B5658E}.Release|Any CPU.ActiveCfg = Release|Any CPU
		{69278F87-F8D1-46E7-9378-4DF020B5658E}.Release|Any CPU.Build.0 = Release|Any CPU
		{F20501A1-1B6C-49F9-9BAA-1C42E5A40939}.Debug|Any CPU.ActiveCfg = Debug|Any CPU
		{F20501A1-1B6C-49F9-9BAA-1C42E5A40939}.Debug|Any CPU.Build.0 = Debug|Any CPU
		{F20501A1-1B6C-49F9-9BAA-1C42E5A40939}.Release|Any CPU.ActiveCfg = Release|Any CPU
		{F20501A1-1B6C-49F9-9BAA-1C42E5A40939}.Release|Any CPU.Build.0 = Release|Any CPU
	EndGlobalSection
	GlobalSection(SolutionProperties) = preSolution
		HideSolutionNode = FALSE
	EndGlobalSection
EndGlobal
