
Microsoft Visual Studio Solution File, Format Version 12.00
# Visual Studio 14
VisualStudioVersion = 14.0.25123.0
MinimumVisualStudioVersion = 10.0.40219.1
Project("{FAE04EC0-301F-11D3-BF4B-00C04F79EFBC}") = "SoftUni.Collection.Generic.Tree", "SoftUni.Collection.Generic.Tree\SoftUni.Collection.Generic.Tree.csproj", "{6EA186B1-FC25-4D7D-86D1-C24EC39B6D0F}"
EndProject
Project("{FAE04EC0-301F-11D3-BF4B-00C04F79EFBC}") = "SoftUni.Collection.Generic.Tests", "SoftUni.Collection.Generic.Tests\SoftUni.Collection.Generic.Tests.csproj", "{A4278D34-1DF7-4A52-892F-79A446C226E0}"
EndProject
Project("{FAE04EC0-301F-11D3-BF4B-00C04F79EFBC}") = "SiglyLinkedListTests", "SiglyLinkedListTests\SiglyLinkedListTests.csproj", "{0DA73B17-A16F-41B5-98F2-5DA61A38ECF5}"
EndProject
Project("{FAE04EC0-301F-11D3-BF4B-00C04F79EFBC}") = "SinglyLinkedListProject", "SynglyLinkedListProject\SinglyLinkedListProject.csproj", "{D562D199-E6FB-4F39-A3D4-C0948F50AB94}"
EndProject
Global
	GlobalSection(SolutionConfigurationPlatforms) = preSolution
		Debug|Any CPU = Debug|Any CPU
		Release|Any CPU = Release|Any CPU
	EndGlobalSection
	GlobalSection(ProjectConfigurationPlatforms) = postSolution
		{6EA186B1-FC25-4D7D-86D1-C24EC39B6D0F}.Debug|Any CPU.ActiveCfg = Debug|Any CPU
		{6EA186B1-FC25-4D7D-86D1-C24EC39B6D0F}.Debug|Any CPU.Build.0 = Debug|Any CPU
		{6EA186B1-FC25-4D7D-86D1-C24EC39B6D0F}.Release|Any CPU.ActiveCfg = Release|Any CPU
		{6EA186B1-FC25-4D7D-86D1-C24EC39B6D0F}.Release|Any CPU.Build.0 = Release|Any CPU
		{A4278D34-1DF7-4A52-892F-79A446C226E0}.Debug|Any CPU.ActiveCfg = Debug|Any CPU
		{A4278D34-1DF7-4A52-892F-79A446C226E0}.Debug|Any CPU.Build.0 = Debug|Any CPU
		{A4278D34-1DF7-4A52-892F-79A446C226E0}.Release|Any CPU.ActiveCfg = Release|Any CPU
		{A4278D34-1DF7-4A52-892F-79A446C226E0}.Release|Any CPU.Build.0 = Release|Any CPU
		{0DA73B17-A16F-41B5-98F2-5DA61A38ECF5}.Debug|Any CPU.ActiveCfg = Debug|Any CPU
		{0DA73B17-A16F-41B5-98F2-5DA61A38ECF5}.Debug|Any CPU.Build.0 = Debug|Any CPU
		{0DA73B17-A16F-41B5-98F2-5DA61A38ECF5}.Release|Any CPU.ActiveCfg = Release|Any CPU
		{0DA73B17-A16F-41B5-98F2-5DA61A38ECF5}.Release|Any CPU.Build.0 = Release|Any CPU
		{D562D199-E6FB-4F39-A3D4-C0948F50AB94}.Debug|Any CPU.ActiveCfg = Debug|Any CPU
		{D562D199-E6FB-4F39-A3D4-C0948F50AB94}.Debug|Any CPU.Build.0 = Debug|Any CPU
		{D562D199-E6FB-4F39-A3D4-C0948F50AB94}.Release|Any CPU.ActiveCfg = Release|Any CPU
		{D562D199-E6FB-4F39-A3D4-C0948F50AB94}.Release|Any CPU.Build.0 = Release|Any CPU
	EndGlobalSection
	GlobalSection(SolutionProperties) = preSolution
		HideSolutionNode = FALSE
	EndGlobalSection
EndGlobal
