
Microsoft Visual Studio Solution File, Format Version 12.00
# Visual Studio 14
VisualStudioVersion = 14.0.23107.0
MinimumVisualStudioVersion = 10.0.40219.1
Project("{FAE04EC0-301F-11D3-BF4B-00C04F79EFBC}") = "CalculateTheTax_MyWay", "CalculateTheTax_MyWay\CalculateTheTax_MyWay.csproj", "{2F8A7B29-162C-4C96-BA43-CFFA62C00F3A}"
EndProject
Project("{FAE04EC0-301F-11D3-BF4B-00C04F79EFBC}") = "ComputeTheSumOfStringArrays", "ComputeTheSumOfStringArrays\ComputeTheSumOfStringArrays.csproj", "{83EC89C2-79C7-432B-885F-FBBC68EFBFB2}"
EndProject
Project("{FAE04EC0-301F-11D3-BF4B-00C04F79EFBC}") = "Print_world", "Print_world\Print_world.csproj", "{99925844-6C6B-488C-A5DE-9221D7D0AB08}"
EndProject
Project("{FAE04EC0-301F-11D3-BF4B-00C04F79EFBC}") = "CalculateTotalPay", "CalculateTotalPay\CalculateTotalPay.csproj", "{7242CBAE-6546-4383-831B-628C0AE6B22D}"
EndProject
Project("{FAE04EC0-301F-11D3-BF4B-00C04F79EFBC}") = "BoxExample", "BoxExample\BoxExample.csproj", "{26658C4C-5D28-46E7-BB47-968F1D5737A7}"
EndProject
Project("{FAE04EC0-301F-11D3-BF4B-00C04F79EFBC}") = "ConstructorSmallBox", "ConstructorSmallBox\ConstructorSmallBox.csproj", "{921EF6B9-B786-497E-875E-702D80CD3D0E}"
EndProject
Global
	GlobalSection(SolutionConfigurationPlatforms) = preSolution
		Debug|Any CPU = Debug|Any CPU
		Release|Any CPU = Release|Any CPU
	EndGlobalSection
	GlobalSection(ProjectConfigurationPlatforms) = postSolution
		{2F8A7B29-162C-4C96-BA43-CFFA62C00F3A}.Debug|Any CPU.ActiveCfg = Debug|Any CPU
		{2F8A7B29-162C-4C96-BA43-CFFA62C00F3A}.Debug|Any CPU.Build.0 = Debug|Any CPU
		{2F8A7B29-162C-4C96-BA43-CFFA62C00F3A}.Release|Any CPU.ActiveCfg = Release|Any CPU
		{2F8A7B29-162C-4C96-BA43-CFFA62C00F3A}.Release|Any CPU.Build.0 = Release|Any CPU
		{83EC89C2-79C7-432B-885F-FBBC68EFBFB2}.Debug|Any CPU.ActiveCfg = Debug|Any CPU
		{83EC89C2-79C7-432B-885F-FBBC68EFBFB2}.Debug|Any CPU.Build.0 = Debug|Any CPU
		{83EC89C2-79C7-432B-885F-FBBC68EFBFB2}.Release|Any CPU.ActiveCfg = Release|Any CPU
		{83EC89C2-79C7-432B-885F-FBBC68EFBFB2}.Release|Any CPU.Build.0 = Release|Any CPU
		{99925844-6C6B-488C-A5DE-9221D7D0AB08}.Debug|Any CPU.ActiveCfg = Debug|Any CPU
		{99925844-6C6B-488C-A5DE-9221D7D0AB08}.Debug|Any CPU.Build.0 = Debug|Any CPU
		{99925844-6C6B-488C-A5DE-9221D7D0AB08}.Release|Any CPU.ActiveCfg = Release|Any CPU
		{99925844-6C6B-488C-A5DE-9221D7D0AB08}.Release|Any CPU.Build.0 = Release|Any CPU
		{7242CBAE-6546-4383-831B-628C0AE6B22D}.Debug|Any CPU.ActiveCfg = Debug|Any CPU
		{7242CBAE-6546-4383-831B-628C0AE6B22D}.Debug|Any CPU.Build.0 = Debug|Any CPU
		{7242CBAE-6546-4383-831B-628C0AE6B22D}.Release|Any CPU.ActiveCfg = Release|Any CPU
		{7242CBAE-6546-4383-831B-628C0AE6B22D}.Release|Any CPU.Build.0 = Release|Any CPU
		{26658C4C-5D28-46E7-BB47-968F1D5737A7}.Debug|Any CPU.ActiveCfg = Debug|Any CPU
		{26658C4C-5D28-46E7-BB47-968F1D5737A7}.Debug|Any CPU.Build.0 = Debug|Any CPU
		{26658C4C-5D28-46E7-BB47-968F1D5737A7}.Release|Any CPU.ActiveCfg = Release|Any CPU
		{26658C4C-5D28-46E7-BB47-968F1D5737A7}.Release|Any CPU.Build.0 = Release|Any CPU
		{921EF6B9-B786-497E-875E-702D80CD3D0E}.Debug|Any CPU.ActiveCfg = Debug|Any CPU
		{921EF6B9-B786-497E-875E-702D80CD3D0E}.Debug|Any CPU.Build.0 = Debug|Any CPU
		{921EF6B9-B786-497E-875E-702D80CD3D0E}.Release|Any CPU.ActiveCfg = Release|Any CPU
		{921EF6B9-B786-497E-875E-702D80CD3D0E}.Release|Any CPU.Build.0 = Release|Any CPU
	EndGlobalSection
	GlobalSection(SolutionProperties) = preSolution
		HideSolutionNode = FALSE
	EndGlobalSection
EndGlobal
