
Microsoft Visual Studio Solution File, Format Version 12.00
# Visual Studio 14
VisualStudioVersion = 14.0.23107.0
MinimumVisualStudioVersion = 10.0.40219.1
Project("{FAE04EC0-301F-11D3-BF4B-00C04F79EFBC}") = "CompareTwoIntegers", "CompareTwoIntegers\CompareTwoIntegers.csproj", "{D9365455-5019-4A9E-A3F6-6346BEB3E74F}"
EndProject
Project("{FAE04EC0-301F-11D3-BF4B-00C04F79EFBC}") = "ShowTheSignOfTheProduct", "ShowTheSignOfTheProduct\ShowTheSignOfTheProduct.csproj", "{474B7065-7EB4-42CE-AB5F-8A43C546E041}"
EndProject
Project("{FAE04EC0-301F-11D3-BF4B-00C04F79EFBC}") = "FindTheBiggestNumberOfThree", "FindTheBiggestNumberOfThree\FindTheBiggestNumberOfThree.csproj", "{C234C18F-DEE7-4427-B290-A8D0B9DFC22A}"
EndProject
Project("{FAE04EC0-301F-11D3-BF4B-00C04F79EFBC}") = "Sort3RealNumbers", "Sort3RealNumbers\Sort3RealNumbers.csproj", "{57324BEB-C903-44D4-8E92-3C9733D48F74}"
EndProject
Project("{FAE04EC0-301F-11D3-BF4B-00C04F79EFBC}") = "PrintNameOfTheDigit", "PrintNameOfTheDigit\PrintNameOfTheDigit.csproj", "{BBCDDEFC-B232-41FF-B7FF-8A5C5A7E5432}"
EndProject
Project("{FAE04EC0-301F-11D3-BF4B-00C04F79EFBC}") = "FindTheGreatestFrom5Variables", "FindTheGreatestFrom5Variables\FindTheGreatestFrom5Variables.csproj", "{992FF8E1-5FBD-4220-B196-2B2C6DE8F706}"
EndProject
Project("{FAE04EC0-301F-11D3-BF4B-00C04F79EFBC}") = "IntDoubleOrStringConversion", "IntDoubleOrStringConversion\IntDoubleOrStringConversion.csproj", "{A9B52F9B-A598-4D35-A32D-D59CEF82E0C3}"
EndProject
Project("{FAE04EC0-301F-11D3-BF4B-00C04F79EFBC}") = "CheckIfTheSumOfSubsetIs0", "CheckIfTheSumOfSubsetIs0\CheckIfTheSumOfSubsetIs0.csproj", "{241777A1-2FB5-4DC6-A164-048A74EF5EE9}"
EndProject
Project("{FAE04EC0-301F-11D3-BF4B-00C04F79EFBC}") = "BonusScores", "BonusScores\BonusScores.csproj", "{680314D3-D90C-4CB6-913E-3CC9AC8B2B41}"
EndProject
Project("{FAE04EC0-301F-11D3-BF4B-00C04F79EFBC}") = "NumberToTextConverter", "NumberToTextConverter\NumberToTextConverter.csproj", "{15D5987E-F3C2-4D47-9574-D3D5654D9941}"
EndProject
Global
	GlobalSection(SolutionConfigurationPlatforms) = preSolution
		Debug|Any CPU = Debug|Any CPU
		Release|Any CPU = Release|Any CPU
	EndGlobalSection
	GlobalSection(ProjectConfigurationPlatforms) = postSolution
		{D9365455-5019-4A9E-A3F6-6346BEB3E74F}.Debug|Any CPU.ActiveCfg = Debug|Any CPU
		{D9365455-5019-4A9E-A3F6-6346BEB3E74F}.Debug|Any CPU.Build.0 = Debug|Any CPU
		{D9365455-5019-4A9E-A3F6-6346BEB3E74F}.Release|Any CPU.ActiveCfg = Release|Any CPU
		{D9365455-5019-4A9E-A3F6-6346BEB3E74F}.Release|Any CPU.Build.0 = Release|Any CPU
		{474B7065-7EB4-42CE-AB5F-8A43C546E041}.Debug|Any CPU.ActiveCfg = Debug|Any CPU
		{474B7065-7EB4-42CE-AB5F-8A43C546E041}.Debug|Any CPU.Build.0 = Debug|Any CPU
		{474B7065-7EB4-42CE-AB5F-8A43C546E041}.Release|Any CPU.ActiveCfg = Release|Any CPU
		{474B7065-7EB4-42CE-AB5F-8A43C546E041}.Release|Any CPU.Build.0 = Release|Any CPU
		{C234C18F-DEE7-4427-B290-A8D0B9DFC22A}.Debug|Any CPU.ActiveCfg = Debug|Any CPU
		{C234C18F-DEE7-4427-B290-A8D0B9DFC22A}.Debug|Any CPU.Build.0 = Debug|Any CPU
		{C234C18F-DEE7-4427-B290-A8D0B9DFC22A}.Release|Any CPU.ActiveCfg = Release|Any CPU
		{C234C18F-DEE7-4427-B290-A8D0B9DFC22A}.Release|Any CPU.Build.0 = Release|Any CPU
		{57324BEB-C903-44D4-8E92-3C9733D48F74}.Debug|Any CPU.ActiveCfg = Debug|Any CPU
		{57324BEB-C903-44D4-8E92-3C9733D48F74}.Debug|Any CPU.Build.0 = Debug|Any CPU
		{57324BEB-C903-44D4-8E92-3C9733D48F74}.Release|Any CPU.ActiveCfg = Release|Any CPU
		{57324BEB-C903-44D4-8E92-3C9733D48F74}.Release|Any CPU.Build.0 = Release|Any CPU
		{BBCDDEFC-B232-41FF-B7FF-8A5C5A7E5432}.Debug|Any CPU.ActiveCfg = Debug|Any CPU
		{BBCDDEFC-B232-41FF-B7FF-8A5C5A7E5432}.Debug|Any CPU.Build.0 = Debug|Any CPU
		{BBCDDEFC-B232-41FF-B7FF-8A5C5A7E5432}.Release|Any CPU.ActiveCfg = Release|Any CPU
		{BBCDDEFC-B232-41FF-B7FF-8A5C5A7E5432}.Release|Any CPU.Build.0 = Release|Any CPU
		{992FF8E1-5FBD-4220-B196-2B2C6DE8F706}.Debug|Any CPU.ActiveCfg = Debug|Any CPU
		{992FF8E1-5FBD-4220-B196-2B2C6DE8F706}.Debug|Any CPU.Build.0 = Debug|Any CPU
		{992FF8E1-5FBD-4220-B196-2B2C6DE8F706}.Release|Any CPU.ActiveCfg = Release|Any CPU
		{992FF8E1-5FBD-4220-B196-2B2C6DE8F706}.Release|Any CPU.Build.0 = Release|Any CPU
		{A9B52F9B-A598-4D35-A32D-D59CEF82E0C3}.Debug|Any CPU.ActiveCfg = Debug|Any CPU
		{A9B52F9B-A598-4D35-A32D-D59CEF82E0C3}.Debug|Any CPU.Build.0 = Debug|Any CPU
		{A9B52F9B-A598-4D35-A32D-D59CEF82E0C3}.Release|Any CPU.ActiveCfg = Release|Any CPU
		{A9B52F9B-A598-4D35-A32D-D59CEF82E0C3}.Release|Any CPU.Build.0 = Release|Any CPU
		{241777A1-2FB5-4DC6-A164-048A74EF5EE9}.Debug|Any CPU.ActiveCfg = Debug|Any CPU
		{241777A1-2FB5-4DC6-A164-048A74EF5EE9}.Debug|Any CPU.Build.0 = Debug|Any CPU
		{241777A1-2FB5-4DC6-A164-048A74EF5EE9}.Release|Any CPU.ActiveCfg = Release|Any CPU
		{241777A1-2FB5-4DC6-A164-048A74EF5EE9}.Release|Any CPU.Build.0 = Release|Any CPU
		{680314D3-D90C-4CB6-913E-3CC9AC8B2B41}.Debug|Any CPU.ActiveCfg = Debug|Any CPU
		{680314D3-D90C-4CB6-913E-3CC9AC8B2B41}.Debug|Any CPU.Build.0 = Debug|Any CPU
		{680314D3-D90C-4CB6-913E-3CC9AC8B2B41}.Release|Any CPU.ActiveCfg = Release|Any CPU
		{680314D3-D90C-4CB6-913E-3CC9AC8B2B41}.Release|Any CPU.Build.0 = Release|Any CPU
		{15D5987E-F3C2-4D47-9574-D3D5654D9941}.Debug|Any CPU.ActiveCfg = Debug|Any CPU
		{15D5987E-F3C2-4D47-9574-D3D5654D9941}.Debug|Any CPU.Build.0 = Debug|Any CPU
		{15D5987E-F3C2-4D47-9574-D3D5654D9941}.Release|Any CPU.ActiveCfg = Release|Any CPU
		{15D5987E-F3C2-4D47-9574-D3D5654D9941}.Release|Any CPU.Build.0 = Release|Any CPU
	EndGlobalSection
	GlobalSection(SolutionProperties) = preSolution
		HideSolutionNode = FALSE
	EndGlobalSection
EndGlobal
