
Microsoft Visual Studio Solution File, Format Version 12.00
# Visual Studio 14
VisualStudioVersion = 14.0.23107.0
MinimumVisualStudioVersion = 10.0.40219.1
Project("{FAE04EC0-301F-11D3-BF4B-00C04F79EFBC}") = "SquareRoot", "SquareRoot\SquareRoot.csproj", "{DC7A7E30-6CE1-49C9-AF05-D1B52642C6F7}"
EndProject
Project("{FAE04EC0-301F-11D3-BF4B-00C04F79EFBC}") = "Test", "Test\Test.csproj", "{116B2E65-C004-4430-A2B3-1A925CA29CC6}"
EndProject
Project("{FAE04EC0-301F-11D3-BF4B-00C04F79EFBC}") = "EnterNumbers", "EnterNumbers\EnterNumbers.csproj", "{37AE32C2-C043-4FBF-8FBC-2D0E3C18366D}"
EndProject
Project("{FAE04EC0-301F-11D3-BF4B-00C04F79EFBC}") = "ReadFileContents", "ReadFileContents\ReadFileContents.csproj", "{3D3D069B-0DA4-4B29-A59D-4088BE437E7D}"
EndProject
Project("{FAE04EC0-301F-11D3-BF4B-00C04F79EFBC}") = "DownloadFile", "DownloadFile\DownloadFile.csproj", "{C74F22B2-663D-4131-9D24-3DEADC610AEA}"
EndProject
Global
	GlobalSection(SolutionConfigurationPlatforms) = preSolution
		Debug|Any CPU = Debug|Any CPU
		Release|Any CPU = Release|Any CPU
	EndGlobalSection
	GlobalSection(ProjectConfigurationPlatforms) = postSolution
		{DC7A7E30-6CE1-49C9-AF05-D1B52642C6F7}.Debug|Any CPU.ActiveCfg = Debug|Any CPU
		{DC7A7E30-6CE1-49C9-AF05-D1B52642C6F7}.Debug|Any CPU.Build.0 = Debug|Any CPU
		{DC7A7E30-6CE1-49C9-AF05-D1B52642C6F7}.Release|Any CPU.ActiveCfg = Release|Any CPU
		{DC7A7E30-6CE1-49C9-AF05-D1B52642C6F7}.Release|Any CPU.Build.0 = Release|Any CPU
		{116B2E65-C004-4430-A2B3-1A925CA29CC6}.Debug|Any CPU.ActiveCfg = Debug|Any CPU
		{116B2E65-C004-4430-A2B3-1A925CA29CC6}.Debug|Any CPU.Build.0 = Debug|Any CPU
		{116B2E65-C004-4430-A2B3-1A925CA29CC6}.Release|Any CPU.ActiveCfg = Release|Any CPU
		{116B2E65-C004-4430-A2B3-1A925CA29CC6}.Release|Any CPU.Build.0 = Release|Any CPU
		{37AE32C2-C043-4FBF-8FBC-2D0E3C18366D}.Debug|Any CPU.ActiveCfg = Debug|Any CPU
		{37AE32C2-C043-4FBF-8FBC-2D0E3C18366D}.Debug|Any CPU.Build.0 = Debug|Any CPU
		{37AE32C2-C043-4FBF-8FBC-2D0E3C18366D}.Release|Any CPU.ActiveCfg = Release|Any CPU
		{37AE32C2-C043-4FBF-8FBC-2D0E3C18366D}.Release|Any CPU.Build.0 = Release|Any CPU
		{3D3D069B-0DA4-4B29-A59D-4088BE437E7D}.Debug|Any CPU.ActiveCfg = Debug|Any CPU
		{3D3D069B-0DA4-4B29-A59D-4088BE437E7D}.Debug|Any CPU.Build.0 = Debug|Any CPU
		{3D3D069B-0DA4-4B29-A59D-4088BE437E7D}.Release|Any CPU.ActiveCfg = Release|Any CPU
		{3D3D069B-0DA4-4B29-A59D-4088BE437E7D}.Release|Any CPU.Build.0 = Release|Any CPU
		{C74F22B2-663D-4131-9D24-3DEADC610AEA}.Debug|Any CPU.ActiveCfg = Debug|Any CPU
		{C74F22B2-663D-4131-9D24-3DEADC610AEA}.Debug|Any CPU.Build.0 = Debug|Any CPU
		{C74F22B2-663D-4131-9D24-3DEADC610AEA}.Release|Any CPU.ActiveCfg = Release|Any CPU
		{C74F22B2-663D-4131-9D24-3DEADC610AEA}.Release|Any CPU.Build.0 = Release|Any CPU
	EndGlobalSection
	GlobalSection(SolutionProperties) = preSolution
		HideSolutionNode = FALSE
	EndGlobalSection
EndGlobal
