
Microsoft Visual Studio Solution File, Format Version 12.00
# Visual Studio 14
VisualStudioVersion = 14.0.24720.0
MinimumVisualStudioVersion = 10.0.40219.1
Project("{FAE04EC0-301F-11D3-BF4B-00C04F79EFBC}") = "Problem1.GalacticGPS", "Problem1.GalacticGPS\Problem1.GalacticGPS.csproj", "{7F715BEB-DA70-4C33-8B2E-A0222AE46692}"
EndProject
Project("{FAE04EC0-301F-11D3-BF4B-00C04F79EFBC}") = "Problem2.FractionCalculator", "Problem2.FractionCalculator\Problem2.FractionCalculator.csproj", "{65E1DFB7-5895-482F-A13A-DFBC36395615}"
EndProject
Project("{FAE04EC0-301F-11D3-BF4B-00C04F79EFBC}") = "Problem3.GenericList", "Problem3.GenericList\Problem3.GenericList.csproj", "{D8FD9122-B94D-43F9-AB84-8D63673B74EF}"
EndProject
Global
	GlobalSection(SolutionConfigurationPlatforms) = preSolution
		Debug|Any CPU = Debug|Any CPU
		Release|Any CPU = Release|Any CPU
	EndGlobalSection
	GlobalSection(ProjectConfigurationPlatforms) = postSolution
		{7F715BEB-DA70-4C33-8B2E-A0222AE46692}.Debug|Any CPU.ActiveCfg = Debug|Any CPU
		{7F715BEB-DA70-4C33-8B2E-A0222AE46692}.Debug|Any CPU.Build.0 = Debug|Any CPU
		{7F715BEB-DA70-4C33-8B2E-A0222AE46692}.Release|Any CPU.ActiveCfg = Release|Any CPU
		{7F715BEB-DA70-4C33-8B2E-A0222AE46692}.Release|Any CPU.Build.0 = Release|Any CPU
		{65E1DFB7-5895-482F-A13A-DFBC36395615}.Debug|Any CPU.ActiveCfg = Debug|Any CPU
		{65E1DFB7-5895-482F-A13A-DFBC36395615}.Debug|Any CPU.Build.0 = Debug|Any CPU
		{65E1DFB7-5895-482F-A13A-DFBC36395615}.Release|Any CPU.ActiveCfg = Release|Any CPU
		{65E1DFB7-5895-482F-A13A-DFBC36395615}.Release|Any CPU.Build.0 = Release|Any CPU
		{D8FD9122-B94D-43F9-AB84-8D63673B74EF}.Debug|Any CPU.ActiveCfg = Debug|Any CPU
		{D8FD9122-B94D-43F9-AB84-8D63673B74EF}.Debug|Any CPU.Build.0 = Debug|Any CPU
		{D8FD9122-B94D-43F9-AB84-8D63673B74EF}.Release|Any CPU.ActiveCfg = Release|Any CPU
		{D8FD9122-B94D-43F9-AB84-8D63673B74EF}.Release|Any CPU.Build.0 = Release|Any CPU
	EndGlobalSection
	GlobalSection(SolutionProperties) = preSolution
		HideSolutionNode = FALSE
	EndGlobalSection
EndGlobal
