
Microsoft Visual Studio Solution File, Format Version 12.00
# Visual Studio 14
VisualStudioVersion = 14.0.23107.0
MinimumVisualStudioVersion = 10.0.40219.1
Project("{FAE04EC0-301F-11D3-BF4B-00C04F79EFBC}") = "MobilePhoneDevice", "MobilePhoneDevice\MobilePhoneDevice.csproj", "{D5C5590D-E3B6-4598-9149-A559EA69754B}"
EndProject
Project("{FAE04EC0-301F-11D3-BF4B-00C04F79EFBC}") = "TEST", "TEST\TEST.csproj", "{A6C39591-BB32-4E55-8451-41A97BC19434}"
EndProject
Project("{FAE04EC0-301F-11D3-BF4B-00C04F79EFBC}") = "DefiningClasses", "DefiningClasses\DefiningClasses.csproj", "{A74FE608-9BA0-4536-8B2D-B4D3A414CADD}"
EndProject
Global
	GlobalSection(SolutionConfigurationPlatforms) = preSolution
		Debug|Any CPU = Debug|Any CPU
		Release|Any CPU = Release|Any CPU
	EndGlobalSection
	GlobalSection(ProjectConfigurationPlatforms) = postSolution
		{D5C5590D-E3B6-4598-9149-A559EA69754B}.Debug|Any CPU.ActiveCfg = Debug|Any CPU
		{D5C5590D-E3B6-4598-9149-A559EA69754B}.Debug|Any CPU.Build.0 = Debug|Any CPU
		{D5C5590D-E3B6-4598-9149-A559EA69754B}.Release|Any CPU.ActiveCfg = Release|Any CPU
		{D5C5590D-E3B6-4598-9149-A559EA69754B}.Release|Any CPU.Build.0 = Release|Any CPU
		{A6C39591-BB32-4E55-8451-41A97BC19434}.Debug|Any CPU.ActiveCfg = Debug|Any CPU
		{A6C39591-BB32-4E55-8451-41A97BC19434}.Debug|Any CPU.Build.0 = Debug|Any CPU
		{A6C39591-BB32-4E55-8451-41A97BC19434}.Release|Any CPU.ActiveCfg = Release|Any CPU
		{A6C39591-BB32-4E55-8451-41A97BC19434}.Release|Any CPU.Build.0 = Release|Any CPU
		{A74FE608-9BA0-4536-8B2D-B4D3A414CADD}.Debug|Any CPU.ActiveCfg = Debug|Any CPU
		{A74FE608-9BA0-4536-8B2D-B4D3A414CADD}.Debug|Any CPU.Build.0 = Debug|Any CPU
		{A74FE608-9BA0-4536-8B2D-B4D3A414CADD}.Release|Any CPU.ActiveCfg = Release|Any CPU
		{A74FE608-9BA0-4536-8B2D-B4D3A414CADD}.Release|Any CPU.Build.0 = Release|Any CPU
	EndGlobalSection
	GlobalSection(SolutionProperties) = preSolution
		HideSolutionNode = FALSE
	EndGlobalSection
EndGlobal
