
Microsoft Visual Studio Solution File, Format Version 12.00
# Visual Studio 14
VisualStudioVersion = 14.0.23107.0
MinimumVisualStudioVersion = 10.0.40219.1
Project("{FAE04EC0-301F-11D3-BF4B-00C04F79EFBC}") = "OddOrEven", "OddOrEven\OddOrEven.csproj", "{1C0706FC-D87F-46A5-8F05-37D51AEF1C07}"
EndProject
Project("{FAE04EC0-301F-11D3-BF4B-00C04F79EFBC}") = "DevisionWithoutReminder", "DevisionWithoutReminder\DevisionWithoutReminder.csproj", "{F02FA4F2-680C-4923-9AAA-40695DAD91EE}"
EndProject
Project("{FAE04EC0-301F-11D3-BF4B-00C04F79EFBC}") = "CalculationOfRectangleArea", "CalculationOfRectangleArea\CalculationOfRectangleArea.csproj", "{85740941-288A-4B6C-8612-112BC4E4DD66}"
EndProject
Project("{FAE04EC0-301F-11D3-BF4B-00C04F79EFBC}") = "CheckThirdDigit", "CheckThirdDigit\CheckThirdDigit.csproj", "{13E22F6B-EAED-44C6-A16E-3E450CC89059}"
EndProject
Project("{FAE04EC0-301F-11D3-BF4B-00C04F79EFBC}") = "CheckIfBit3Is1Or0", "CheckIfBit3Is1Or0\CheckIfBit3Is1Or0.csproj", "{D3728FCC-BF4F-4FC8-820D-F084574F23B5}"
EndProject
Project("{FAE04EC0-301F-11D3-BF4B-00C04F79EFBC}") = "Is The Point Within The Circle", "Is The Point Within The Circle\Is The Point Within The Circle.csproj", "{7B4E1E98-0E92-4871-9B0B-F11408C7732D}"
EndProject
Project("{FAE04EC0-301F-11D3-BF4B-00C04F79EFBC}") = "CheckIfNumberIsPrime", "CheckIfNumberIsPrime\CheckIfNumberIsPrime.csproj", "{2C6FA667-AC7B-4E6B-8F35-363E4E44194A}"
EndProject
Project("{FAE04EC0-301F-11D3-BF4B-00C04F79EFBC}") = "TrapezoidAreaCalculation", "TrapezoidAreaCalculation\TrapezoidAreaCalculation.csproj", "{A4EE71AE-721F-49E5-8B39-67D209ED941E}"
EndProject
Project("{FAE04EC0-301F-11D3-BF4B-00C04F79EFBC}") = "IsThePointInTheCircle–OutOfRectange", "IsThePointInTheCircle–OutOfRectange\IsThePointInTheCircle–OutOfRectange.csproj", "{66D09F3B-A9B6-46EE-B128-2B7ACC8536F4}"
EndProject
Project("{FAE04EC0-301F-11D3-BF4B-00C04F79EFBC}") = "CheckIfaBitInIntIs0or1", "CheckIfaBitInIntIs0or1\CheckIfaBitInIntIs0or1.csproj", "{5F212196-D6F9-49A9-B3A1-2B70770EA52C}"
EndProject
Project("{FAE04EC0-301F-11D3-BF4B-00C04F79EFBC}") = "ExtrackGivenBitFromValue", "ExtrackGivenBitFromValue\ExtrackGivenBitFromValue.csproj", "{5B1C88BF-7419-458B-9426-24501EAD5A99}"
EndProject
Project("{FAE04EC0-301F-11D3-BF4B-00C04F79EFBC}") = "ChangeBitOnGivenPosition", "ChangeBitOnGivenPosition\ChangeBitOnGivenPosition.csproj", "{1A4A168B-9229-4510-81B0-F9C1B042F198}"
EndProject
Project("{FAE04EC0-301F-11D3-BF4B-00C04F79EFBC}") = "3BitsExchange", "3BitsExchange\3BitsExchange.csproj", "{CF778067-A25C-41D6-B163-9243CF9F2AE4}"
EndProject
Project("{FAE04EC0-301F-11D3-BF4B-00C04F79EFBC}") = "BitsExchange", "BitsExchange\BitsExchange.csproj", "{59FBDCD7-4606-498B-8993-3B9A791BDCAF}"
EndProject
Global
	GlobalSection(SolutionConfigurationPlatforms) = preSolution
		Debug|Any CPU = Debug|Any CPU
		Release|Any CPU = Release|Any CPU
	EndGlobalSection
	GlobalSection(ProjectConfigurationPlatforms) = postSolution
		{1C0706FC-D87F-46A5-8F05-37D51AEF1C07}.Debug|Any CPU.ActiveCfg = Debug|Any CPU
		{1C0706FC-D87F-46A5-8F05-37D51AEF1C07}.Debug|Any CPU.Build.0 = Debug|Any CPU
		{1C0706FC-D87F-46A5-8F05-37D51AEF1C07}.Release|Any CPU.ActiveCfg = Release|Any CPU
		{1C0706FC-D87F-46A5-8F05-37D51AEF1C07}.Release|Any CPU.Build.0 = Release|Any CPU
		{F02FA4F2-680C-4923-9AAA-40695DAD91EE}.Debug|Any CPU.ActiveCfg = Debug|Any CPU
		{F02FA4F2-680C-4923-9AAA-40695DAD91EE}.Debug|Any CPU.Build.0 = Debug|Any CPU
		{F02FA4F2-680C-4923-9AAA-40695DAD91EE}.Release|Any CPU.ActiveCfg = Release|Any CPU
		{F02FA4F2-680C-4923-9AAA-40695DAD91EE}.Release|Any CPU.Build.0 = Release|Any CPU
		{85740941-288A-4B6C-8612-112BC4E4DD66}.Debug|Any CPU.ActiveCfg = Debug|Any CPU
		{85740941-288A-4B6C-8612-112BC4E4DD66}.Debug|Any CPU.Build.0 = Debug|Any CPU
		{85740941-288A-4B6C-8612-112BC4E4DD66}.Release|Any CPU.ActiveCfg = Release|Any CPU
		{85740941-288A-4B6C-8612-112BC4E4DD66}.Release|Any CPU.Build.0 = Release|Any CPU
		{13E22F6B-EAED-44C6-A16E-3E450CC89059}.Debug|Any CPU.ActiveCfg = Debug|Any CPU
		{13E22F6B-EAED-44C6-A16E-3E450CC89059}.Debug|Any CPU.Build.0 = Debug|Any CPU
		{13E22F6B-EAED-44C6-A16E-3E450CC89059}.Release|Any CPU.ActiveCfg = Release|Any CPU
		{13E22F6B-EAED-44C6-A16E-3E450CC89059}.Release|Any CPU.Build.0 = Release|Any CPU
		{D3728FCC-BF4F-4FC8-820D-F084574F23B5}.Debug|Any CPU.ActiveCfg = Debug|Any CPU
		{D3728FCC-BF4F-4FC8-820D-F084574F23B5}.Debug|Any CPU.Build.0 = Debug|Any CPU
		{D3728FCC-BF4F-4FC8-820D-F084574F23B5}.Release|Any CPU.ActiveCfg = Release|Any CPU
		{D3728FCC-BF4F-4FC8-820D-F084574F23B5}.Release|Any CPU.Build.0 = Release|Any CPU
		{7B4E1E98-0E92-4871-9B0B-F11408C7732D}.Debug|Any CPU.ActiveCfg = Debug|Any CPU
		{7B4E1E98-0E92-4871-9B0B-F11408C7732D}.Debug|Any CPU.Build.0 = Debug|Any CPU
		{7B4E1E98-0E92-4871-9B0B-F11408C7732D}.Release|Any CPU.ActiveCfg = Release|Any CPU
		{7B4E1E98-0E92-4871-9B0B-F11408C7732D}.Release|Any CPU.Build.0 = Release|Any CPU
		{2C6FA667-AC7B-4E6B-8F35-363E4E44194A}.Debug|Any CPU.ActiveCfg = Debug|Any CPU
		{2C6FA667-AC7B-4E6B-8F35-363E4E44194A}.Debug|Any CPU.Build.0 = Debug|Any CPU
		{2C6FA667-AC7B-4E6B-8F35-363E4E44194A}.Release|Any CPU.ActiveCfg = Release|Any CPU
		{2C6FA667-AC7B-4E6B-8F35-363E4E44194A}.Release|Any CPU.Build.0 = Release|Any CPU
		{A4EE71AE-721F-49E5-8B39-67D209ED941E}.Debug|Any CPU.ActiveCfg = Debug|Any CPU
		{A4EE71AE-721F-49E5-8B39-67D209ED941E}.Debug|Any CPU.Build.0 = Debug|Any CPU
		{A4EE71AE-721F-49E5-8B39-67D209ED941E}.Release|Any CPU.ActiveCfg = Release|Any CPU
		{A4EE71AE-721F-49E5-8B39-67D209ED941E}.Release|Any CPU.Build.0 = Release|Any CPU
		{66D09F3B-A9B6-46EE-B128-2B7ACC8536F4}.Debug|Any CPU.ActiveCfg = Debug|Any CPU
		{66D09F3B-A9B6-46EE-B128-2B7ACC8536F4}.Debug|Any CPU.Build.0 = Debug|Any CPU
		{66D09F3B-A9B6-46EE-B128-2B7ACC8536F4}.Release|Any CPU.ActiveCfg = Release|Any CPU
		{66D09F3B-A9B6-46EE-B128-2B7ACC8536F4}.Release|Any CPU.Build.0 = Release|Any CPU
		{5F212196-D6F9-49A9-B3A1-2B70770EA52C}.Debug|Any CPU.ActiveCfg = Debug|Any CPU
		{5F212196-D6F9-49A9-B3A1-2B70770EA52C}.Debug|Any CPU.Build.0 = Debug|Any CPU
		{5F212196-D6F9-49A9-B3A1-2B70770EA52C}.Release|Any CPU.ActiveCfg = Release|Any CPU
		{5F212196-D6F9-49A9-B3A1-2B70770EA52C}.Release|Any CPU.Build.0 = Release|Any CPU
		{5B1C88BF-7419-458B-9426-24501EAD5A99}.Debug|Any CPU.ActiveCfg = Debug|Any CPU
		{5B1C88BF-7419-458B-9426-24501EAD5A99}.Debug|Any CPU.Build.0 = Debug|Any CPU
		{5B1C88BF-7419-458B-9426-24501EAD5A99}.Release|Any CPU.ActiveCfg = Release|Any CPU
		{5B1C88BF-7419-458B-9426-24501EAD5A99}.Release|Any CPU.Build.0 = Release|Any CPU
		{1A4A168B-9229-4510-81B0-F9C1B042F198}.Debug|Any CPU.ActiveCfg = Debug|Any CPU
		{1A4A168B-9229-4510-81B0-F9C1B042F198}.Debug|Any CPU.Build.0 = Debug|Any CPU
		{1A4A168B-9229-4510-81B0-F9C1B042F198}.Release|Any CPU.ActiveCfg = Release|Any CPU
		{1A4A168B-9229-4510-81B0-F9C1B042F198}.Release|Any CPU.Build.0 = Release|Any CPU
		{CF778067-A25C-41D6-B163-9243CF9F2AE4}.Debug|Any CPU.ActiveCfg = Debug|Any CPU
		{CF778067-A25C-41D6-B163-9243CF9F2AE4}.Debug|Any CPU.Build.0 = Debug|Any CPU
		{CF778067-A25C-41D6-B163-9243CF9F2AE4}.Release|Any CPU.ActiveCfg = Release|Any CPU
		{CF778067-A25C-41D6-B163-9243CF9F2AE4}.Release|Any CPU.Build.0 = Release|Any CPU
		{59FBDCD7-4606-498B-8993-3B9A791BDCAF}.Debug|Any CPU.ActiveCfg = Debug|Any CPU
		{59FBDCD7-4606-498B-8993-3B9A791BDCAF}.Debug|Any CPU.Build.0 = Debug|Any CPU
		{59FBDCD7-4606-498B-8993-3B9A791BDCAF}.Release|Any CPU.ActiveCfg = Release|Any CPU
		{59FBDCD7-4606-498B-8993-3B9A791BDCAF}.Release|Any CPU.Build.0 = Release|Any CPU
	EndGlobalSection
	GlobalSection(SolutionProperties) = preSolution
		HideSolutionNode = FALSE
	EndGlobalSection
EndGlobal
