
Microsoft Visual Studio Solution File, Format Version 12.00
# Visual Studio 14
VisualStudioVersion = 14.0.23107.0
MinimumVisualStudioVersion = 10.0.40219.1
Project("{FAE04EC0-301F-11D3-BF4B-00C04F79EFBC}") = "PrintSumOfThreeIntegers", "PrintSumOfThreeIntegers\PrintSumOfThreeIntegers.csproj", "{49D3E561-1895-4FD8-A680-9F683A071DCE}"
EndProject
Project("{FAE04EC0-301F-11D3-BF4B-00C04F79EFBC}") = "PrintPerimeterAndAreaOfACircle", "PrintPerimeterAndAreaOfACircle\PrintPerimeterAndAreaOfACircle.csproj", "{1E8191F8-6277-4FC3-A628-65CB005BB1B9}"
EndProject
Project("{FAE04EC0-301F-11D3-BF4B-00C04F79EFBC}") = "PrintCompanyInfo", "PrintCompanyInfo\PrintCompanyInfo.csproj", "{3CA028CB-D72B-49A8-853A-88CA3BEA72B8}"
EndProject
Project("{FAE04EC0-301F-11D3-BF4B-00C04F79EFBC}") = "PrintNumberOfDevisionBy5Numbers", "PrintNumberOfDevisionBy5Numbers\PrintNumberOfDevisionBy5Numbers.csproj", "{8A5D6AFF-58A3-424F-9091-79ED37F91A97}"
EndProject
Project("{FAE04EC0-301F-11D3-BF4B-00C04F79EFBC}") = "PrintTheGreaterNumber", "PrintTheGreaterNumber\PrintTheGreaterNumber.csproj", "{42A8C65C-F785-4AA9-A5D5-67D19E29E5FE}"
EndProject
Project("{FAE04EC0-301F-11D3-BF4B-00C04F79EFBC}") = "QuadraticEquationSolution", "QuadraticEquationSolution\QuadraticEquationSolution.csproj", "{69DF4E7E-7998-4B08-B13A-0CE99B46491B}"
EndProject
Project("{FAE04EC0-301F-11D3-BF4B-00C04F79EFBC}") = "GetNumberNFromConsole", "GetNumberNFromConsole\GetNumberNFromConsole.csproj", "{2B846E9B-A2CC-4B05-B33A-85DBC0C47217}"
EndProject
Project("{FAE04EC0-301F-11D3-BF4B-00C04F79EFBC}") = "PrintNNumbers", "PrintNNumbers\PrintNNumbers.csproj", "{14EFD55F-6729-4714-A09E-8F8BFCE0DF3F}"
EndProject
Project("{FAE04EC0-301F-11D3-BF4B-00C04F79EFBC}") = "FibonacciSequence", "FibonacciSequence\FibonacciSequence.csproj", "{CA10F6EC-606D-4D58-92F6-8B5C97224AFF}"
EndProject
Project("{FAE04EC0-301F-11D3-BF4B-00C04F79EFBC}") = "CalculateTheSum", "CalculateTheSum\CalculateTheSum.csproj", "{B90045BE-F3D7-4917-AD47-235225EAD942}"
EndProject
Global
	GlobalSection(SolutionConfigurationPlatforms) = preSolution
		Debug|Any CPU = Debug|Any CPU
		Release|Any CPU = Release|Any CPU
	EndGlobalSection
	GlobalSection(ProjectConfigurationPlatforms) = postSolution
		{49D3E561-1895-4FD8-A680-9F683A071DCE}.Debug|Any CPU.ActiveCfg = Debug|Any CPU
		{49D3E561-1895-4FD8-A680-9F683A071DCE}.Debug|Any CPU.Build.0 = Debug|Any CPU
		{49D3E561-1895-4FD8-A680-9F683A071DCE}.Release|Any CPU.ActiveCfg = Release|Any CPU
		{49D3E561-1895-4FD8-A680-9F683A071DCE}.Release|Any CPU.Build.0 = Release|Any CPU
		{1E8191F8-6277-4FC3-A628-65CB005BB1B9}.Debug|Any CPU.ActiveCfg = Debug|Any CPU
		{1E8191F8-6277-4FC3-A628-65CB005BB1B9}.Debug|Any CPU.Build.0 = Debug|Any CPU
		{1E8191F8-6277-4FC3-A628-65CB005BB1B9}.Release|Any CPU.ActiveCfg = Release|Any CPU
		{1E8191F8-6277-4FC3-A628-65CB005BB1B9}.Release|Any CPU.Build.0 = Release|Any CPU
		{3CA028CB-D72B-49A8-853A-88CA3BEA72B8}.Debug|Any CPU.ActiveCfg = Debug|Any CPU
		{3CA028CB-D72B-49A8-853A-88CA3BEA72B8}.Debug|Any CPU.Build.0 = Debug|Any CPU
		{3CA028CB-D72B-49A8-853A-88CA3BEA72B8}.Release|Any CPU.ActiveCfg = Release|Any CPU
		{3CA028CB-D72B-49A8-853A-88CA3BEA72B8}.Release|Any CPU.Build.0 = Release|Any CPU
		{8A5D6AFF-58A3-424F-9091-79ED37F91A97}.Debug|Any CPU.ActiveCfg = Debug|Any CPU
		{8A5D6AFF-58A3-424F-9091-79ED37F91A97}.Debug|Any CPU.Build.0 = Debug|Any CPU
		{8A5D6AFF-58A3-424F-9091-79ED37F91A97}.Release|Any CPU.ActiveCfg = Release|Any CPU
		{8A5D6AFF-58A3-424F-9091-79ED37F91A97}.Release|Any CPU.Build.0 = Release|Any CPU
		{42A8C65C-F785-4AA9-A5D5-67D19E29E5FE}.Debug|Any CPU.ActiveCfg = Debug|Any CPU
		{42A8C65C-F785-4AA9-A5D5-67D19E29E5FE}.Debug|Any CPU.Build.0 = Debug|Any CPU
		{42A8C65C-F785-4AA9-A5D5-67D19E29E5FE}.Release|Any CPU.ActiveCfg = Release|Any CPU
		{42A8C65C-F785-4AA9-A5D5-67D19E29E5FE}.Release|Any CPU.Build.0 = Release|Any CPU
		{69DF4E7E-7998-4B08-B13A-0CE99B46491B}.Debug|Any CPU.ActiveCfg = Debug|Any CPU
		{69DF4E7E-7998-4B08-B13A-0CE99B46491B}.Debug|Any CPU.Build.0 = Debug|Any CPU
		{69DF4E7E-7998-4B08-B13A-0CE99B46491B}.Release|Any CPU.ActiveCfg = Release|Any CPU
		{69DF4E7E-7998-4B08-B13A-0CE99B46491B}.Release|Any CPU.Build.0 = Release|Any CPU
		{2B846E9B-A2CC-4B05-B33A-85DBC0C47217}.Debug|Any CPU.ActiveCfg = Debug|Any CPU
		{2B846E9B-A2CC-4B05-B33A-85DBC0C47217}.Debug|Any CPU.Build.0 = Debug|Any CPU
		{2B846E9B-A2CC-4B05-B33A-85DBC0C47217}.Release|Any CPU.ActiveCfg = Release|Any CPU
		{2B846E9B-A2CC-4B05-B33A-85DBC0C47217}.Release|Any CPU.Build.0 = Release|Any CPU
		{14EFD55F-6729-4714-A09E-8F8BFCE0DF3F}.Debug|Any CPU.ActiveCfg = Debug|Any CPU
		{14EFD55F-6729-4714-A09E-8F8BFCE0DF3F}.Debug|Any CPU.Build.0 = Debug|Any CPU
		{14EFD55F-6729-4714-A09E-8F8BFCE0DF3F}.Release|Any CPU.ActiveCfg = Release|Any CPU
		{14EFD55F-6729-4714-A09E-8F8BFCE0DF3F}.Release|Any CPU.Build.0 = Release|Any CPU
		{CA10F6EC-606D-4D58-92F6-8B5C97224AFF}.Debug|Any CPU.ActiveCfg = Debug|Any CPU
		{CA10F6EC-606D-4D58-92F6-8B5C97224AFF}.Debug|Any CPU.Build.0 = Debug|Any CPU
		{CA10F6EC-606D-4D58-92F6-8B5C97224AFF}.Release|Any CPU.ActiveCfg = Release|Any CPU
		{CA10F6EC-606D-4D58-92F6-8B5C97224AFF}.Release|Any CPU.Build.0 = Release|Any CPU
		{B90045BE-F3D7-4917-AD47-235225EAD942}.Debug|Any CPU.ActiveCfg = Debug|Any CPU
		{B90045BE-F3D7-4917-AD47-235225EAD942}.Debug|Any CPU.Build.0 = Debug|Any CPU
		{B90045BE-F3D7-4917-AD47-235225EAD942}.Release|Any CPU.ActiveCfg = Release|Any CPU
		{B90045BE-F3D7-4917-AD47-235225EAD942}.Release|Any CPU.Build.0 = Release|Any CPU
	EndGlobalSection
	GlobalSection(SolutionProperties) = preSolution
		HideSolutionNode = FALSE
	EndGlobalSection
EndGlobal
