
Microsoft Visual Studio Solution File, Format Version 12.00
# Visual Studio 14
VisualStudioVersion = 14.0.24720.0
MinimumVisualStudioVersion = 10.0.40219.1
Project("{FAE04EC0-301F-11D3-BF4B-00C04F79EFBC}") = "Document-System", "Document-System.cs\Document-System.csproj", "{22B93DCA-A7A8-4901-9297-19493C6A7EC4}"
EndProject
Project("{FAE04EC0-301F-11D3-BF4B-00C04F79EFBC}") = "Document-System-Test", "Document-System-Test\Document-System-Test.csproj", "{D9DCB3ED-FA16-4167-8D8A-889EAD93E364}"
EndProject
Global
	GlobalSection(SolutionConfigurationPlatforms) = preSolution
		Debug|Any CPU = Debug|Any CPU
		Release|Any CPU = Release|Any CPU
	EndGlobalSection
	GlobalSection(ProjectConfigurationPlatforms) = postSolution
		{22B93DCA-A7A8-4901-9297-19493C6A7EC4}.Debug|Any CPU.ActiveCfg = Debug|Any CPU
		{22B93DCA-A7A8-4901-9297-19493C6A7EC4}.Debug|Any CPU.Build.0 = Debug|Any CPU
		{22B93DCA-A7A8-4901-9297-19493C6A7EC4}.Release|Any CPU.ActiveCfg = Release|Any CPU
		{22B93DCA-A7A8-4901-9297-19493C6A7EC4}.Release|Any CPU.Build.0 = Release|Any CPU
		{D9DCB3ED-FA16-4167-8D8A-889EAD93E364}.Debug|Any CPU.ActiveCfg = Debug|Any CPU
		{D9DCB3ED-FA16-4167-8D8A-889EAD93E364}.Debug|Any CPU.Build.0 = Debug|Any CPU
		{D9DCB3ED-FA16-4167-8D8A-889EAD93E364}.Release|Any CPU.ActiveCfg = Release|Any CPU
		{D9DCB3ED-FA16-4167-8D8A-889EAD93E364}.Release|Any CPU.Build.0 = Release|Any CPU
	EndGlobalSection
	GlobalSection(SolutionProperties) = preSolution
		HideSolutionNode = FALSE
	EndGlobalSection
EndGlobal
