
Microsoft Visual Studio Solution File, Format Version 12.00
# Visual Studio 14
VisualStudioVersion = 14.0.23107.0
MinimumVisualStudioVersion = 10.0.40219.1
Project("{FAE04EC0-301F-11D3-BF4B-00C04F79EFBC}") = "SquareArea", "SquareArea\SquareArea.csproj", "{F3D1071D-AC5B-4CC6-83BE-19BFCEAAD8F7}"
EndProject
Project("{FAE04EC0-301F-11D3-BF4B-00C04F79EFBC}") = "Inches-to-Centimeters", "Inches-to-Centimeters\Inches-to-Centimeters.csproj", "{5D039642-C69A-4AD1-8DFB-CF0E6EB8FA36}"
EndProject
Project("{FAE04EC0-301F-11D3-BF4B-00C04F79EFBC}") = "Hello", "Hello\Hello.csproj", "{D3D7230D-F7FC-47CC-82C3-877E7058696F}"
EndProject
Project("{FAE04EC0-301F-11D3-BF4B-00C04F79EFBC}") = "ConcatinatingStringAndNumbers", "ConcatinatingStringAndNumbers\ConcatinatingStringAndNumbers.csproj", "{4396864D-E035-4E41-833D-4B13170B4AD2}"
EndProject
Project("{FAE04EC0-301F-11D3-BF4B-00C04F79EFBC}") = "ConsoleCurrencyConverter", "ConsoleCurrencyConverter\ConsoleCurrencyConverter.csproj", "{C2034C51-9E91-4303-B1C3-B45075E9BFB4}"
EndProject
Project("{FAE04EC0-301F-11D3-BF4B-00C04F79EFBC}") = "ThousandDaysOnEarth", "ThousandDaysOnEarth\ThousandDaysOnEarth.csproj", "{A984809F-624B-4588-BD85-0498BADC2A6B}"
EndProject
Global
	GlobalSection(SolutionConfigurationPlatforms) = preSolution
		Debug|Any CPU = Debug|Any CPU
		Release|Any CPU = Release|Any CPU
	EndGlobalSection
	GlobalSection(ProjectConfigurationPlatforms) = postSolution
		{F3D1071D-AC5B-4CC6-83BE-19BFCEAAD8F7}.Debug|Any CPU.ActiveCfg = Debug|Any CPU
		{F3D1071D-AC5B-4CC6-83BE-19BFCEAAD8F7}.Debug|Any CPU.Build.0 = Debug|Any CPU
		{F3D1071D-AC5B-4CC6-83BE-19BFCEAAD8F7}.Release|Any CPU.ActiveCfg = Release|Any CPU
		{F3D1071D-AC5B-4CC6-83BE-19BFCEAAD8F7}.Release|Any CPU.Build.0 = Release|Any CPU
		{5D039642-C69A-4AD1-8DFB-CF0E6EB8FA36}.Debug|Any CPU.ActiveCfg = Debug|Any CPU
		{5D039642-C69A-4AD1-8DFB-CF0E6EB8FA36}.Debug|Any CPU.Build.0 = Debug|Any CPU
		{5D039642-C69A-4AD1-8DFB-CF0E6EB8FA36}.Release|Any CPU.ActiveCfg = Release|Any CPU
		{5D039642-C69A-4AD1-8DFB-CF0E6EB8FA36}.Release|Any CPU.Build.0 = Release|Any CPU
		{D3D7230D-F7FC-47CC-82C3-877E7058696F}.Debug|Any CPU.ActiveCfg = Debug|Any CPU
		{D3D7230D-F7FC-47CC-82C3-877E7058696F}.Debug|Any CPU.Build.0 = Debug|Any CPU
		{D3D7230D-F7FC-47CC-82C3-877E7058696F}.Release|Any CPU.ActiveCfg = Release|Any CPU
		{D3D7230D-F7FC-47CC-82C3-877E7058696F}.Release|Any CPU.Build.0 = Release|Any CPU
		{4396864D-E035-4E41-833D-4B13170B4AD2}.Debug|Any CPU.ActiveCfg = Debug|Any CPU
		{4396864D-E035-4E41-833D-4B13170B4AD2}.Debug|Any CPU.Build.0 = Debug|Any CPU
		{4396864D-E035-4E41-833D-4B13170B4AD2}.Release|Any CPU.ActiveCfg = Release|Any CPU
		{4396864D-E035-4E41-833D-4B13170B4AD2}.Release|Any CPU.Build.0 = Release|Any CPU
		{C2034C51-9E91-4303-B1C3-B45075E9BFB4}.Debug|Any CPU.ActiveCfg = Debug|Any CPU
		{C2034C51-9E91-4303-B1C3-B45075E9BFB4}.Debug|Any CPU.Build.0 = Debug|Any CPU
		{C2034C51-9E91-4303-B1C3-B45075E9BFB4}.Release|Any CPU.ActiveCfg = Release|Any CPU
		{C2034C51-9E91-4303-B1C3-B45075E9BFB4}.Release|Any CPU.Build.0 = Release|Any CPU
		{A984809F-624B-4588-BD85-0498BADC2A6B}.Debug|Any CPU.ActiveCfg = Debug|Any CPU
		{A984809F-624B-4588-BD85-0498BADC2A6B}.Debug|Any CPU.Build.0 = Debug|Any CPU
		{A984809F-624B-4588-BD85-0498BADC2A6B}.Release|Any CPU.ActiveCfg = Release|Any CPU
		{A984809F-624B-4588-BD85-0498BADC2A6B}.Release|Any CPU.Build.0 = Release|Any CPU
	EndGlobalSection
	GlobalSection(SolutionProperties) = preSolution
		HideSolutionNode = FALSE
	EndGlobalSection
EndGlobal
