
Microsoft Visual Studio Solution File, Format Version 12.00
# Visual Studio 14
VisualStudioVersion = 14.0.24720.0
MinimumVisualStudioVersion = 10.0.40219.1
Project("{FAE04EC0-301F-11D3-BF4B-00C04F79EFBC}") = "Problem2.PerformanceOfOperations", "Problem2.PerformanceOfOperations\Problem2.PerformanceOfOperations.csproj", "{AA37EC2E-2904-4FF7-80DA-9A1CEBBB2EEE}"
EndProject
Project("{FAE04EC0-301F-11D3-BF4B-00C04F79EFBC}") = "CompareSortingAlgorithms", "CompareSortingAlgorithms\CompareSortingAlgorithms.csproj", "{6AADB0AA-DE41-4406-80FD-48DC2E309934}"
EndProject
Global
	GlobalSection(SolutionConfigurationPlatforms) = preSolution
		Debug|Any CPU = Debug|Any CPU
		Release|Any CPU = Release|Any CPU
	EndGlobalSection
	GlobalSection(ProjectConfigurationPlatforms) = postSolution
		{AA37EC2E-2904-4FF7-80DA-9A1CEBBB2EEE}.Debug|Any CPU.ActiveCfg = Debug|Any CPU
		{AA37EC2E-2904-4FF7-80DA-9A1CEBBB2EEE}.Debug|Any CPU.Build.0 = Debug|Any CPU
		{AA37EC2E-2904-4FF7-80DA-9A1CEBBB2EEE}.Release|Any CPU.ActiveCfg = Release|Any CPU
		{AA37EC2E-2904-4FF7-80DA-9A1CEBBB2EEE}.Release|Any CPU.Build.0 = Release|Any CPU
		{6AADB0AA-DE41-4406-80FD-48DC2E309934}.Debug|Any CPU.ActiveCfg = Debug|Any CPU
		{6AADB0AA-DE41-4406-80FD-48DC2E309934}.Debug|Any CPU.Build.0 = Debug|Any CPU
		{6AADB0AA-DE41-4406-80FD-48DC2E309934}.Release|Any CPU.ActiveCfg = Release|Any CPU
		{6AADB0AA-DE41-4406-80FD-48DC2E309934}.Release|Any CPU.Build.0 = Release|Any CPU
	EndGlobalSection
	GlobalSection(SolutionProperties) = preSolution
		HideSolutionNode = FALSE
	EndGlobalSection
EndGlobal
