
Microsoft Visual Studio Solution File, Format Version 12.00
# Visual Studio 14
VisualStudioVersion = 14.0.24720.0
MinimumVisualStudioVersion = 10.0.40219.1
Project("{FAE04EC0-301F-11D3-BF4B-00C04F79EFBC}") = "Problem1.Shapes", "Problem1.Shapes\Problem1.Shapes.csproj", "{0930B84C-F64F-4216-AD90-E460F4A45D46}"
EndProject
Project("{FAE04EC0-301F-11D3-BF4B-00C04F79EFBC}") = "Problem2.BankOfKurtovoKonare", "Problem2.BankOfKurtovoKonare\Problem2.BankOfKurtovoKonare.csproj", "{5CD26758-FEAD-4A90-BB6A-4B7FCC470019}"
EndProject
Global
	GlobalSection(SolutionConfigurationPlatforms) = preSolution
		Debug|Any CPU = Debug|Any CPU
		Release|Any CPU = Release|Any CPU
	EndGlobalSection
	GlobalSection(ProjectConfigurationPlatforms) = postSolution
		{0930B84C-F64F-4216-AD90-E460F4A45D46}.Debug|Any CPU.ActiveCfg = Debug|Any CPU
		{0930B84C-F64F-4216-AD90-E460F4A45D46}.Debug|Any CPU.Build.0 = Debug|Any CPU
		{0930B84C-F64F-4216-AD90-E460F4A45D46}.Release|Any CPU.ActiveCfg = Release|Any CPU
		{0930B84C-F64F-4216-AD90-E460F4A45D46}.Release|Any CPU.Build.0 = Release|Any CPU
		{5CD26758-FEAD-4A90-BB6A-4B7FCC470019}.Debug|Any CPU.ActiveCfg = Debug|Any CPU
		{5CD26758-FEAD-4A90-BB6A-4B7FCC470019}.Debug|Any CPU.Build.0 = Debug|Any CPU
		{5CD26758-FEAD-4A90-BB6A-4B7FCC470019}.Release|Any CPU.ActiveCfg = Release|Any CPU
		{5CD26758-FEAD-4A90-BB6A-4B7FCC470019}.Release|Any CPU.Build.0 = Release|Any CPU
	EndGlobalSection
	GlobalSection(SolutionProperties) = preSolution
		HideSolutionNode = FALSE
	EndGlobalSection
EndGlobal
