
Microsoft Visual Studio Solution File, Format Version 12.00
# Visual Studio 14
VisualStudioVersion = 14.0.23107.0
MinimumVisualStudioVersion = 10.0.40219.1
Project("{FAE04EC0-301F-11D3-BF4B-00C04F79EFBC}") = "AllocateArray", "AllocateArray\AllocateArray.csproj", "{C7F7862B-1A76-477A-8C6D-2D21651B4AB2}"
EndProject
Project("{FAE04EC0-301F-11D3-BF4B-00C04F79EFBC}") = "CompareArrays", "CompareArrays\CompareArrays.csproj", "{4C05EE06-1F1D-48BC-BECF-663ED3F422E9}"
EndProject
Project("{FAE04EC0-301F-11D3-BF4B-00C04F79EFBC}") = "CompareCharArrays", "CompareCharArrays\CompareCharArrays.csproj", "{871C86D1-85FC-40B2-9B83-F4BD75A62227}"
EndProject
Project("{FAE04EC0-301F-11D3-BF4B-00C04F79EFBC}") = "MaximalSequence", "MaximalSequence\MaximalSequence.csproj", "{6BD97C2A-F688-4D78-83EB-97706729C5F3}"
EndProject
Project("{FAE04EC0-301F-11D3-BF4B-00C04F79EFBC}") = "MaximalIncreasingSequence", "MaximalIncreasingSequence\MaximalIncreasingSequence.csproj", "{DEA86A17-067B-4724-AFB4-647EE7356DFD}"
EndProject
Project("{FAE04EC0-301F-11D3-BF4B-00C04F79EFBC}") = "TEST", "TEST\TEST.csproj", "{02FC1506-9171-4530-84CE-517D3294FABD}"
EndProject
Project("{FAE04EC0-301F-11D3-BF4B-00C04F79EFBC}") = "MaximalKSum", "MaximalKSum\MaximalKSum.csproj", "{19E82609-556F-448B-98F3-98286AB10BDD}"
EndProject
Project("{FAE04EC0-301F-11D3-BF4B-00C04F79EFBC}") = "SelectionSort", "SelectionSort\SelectionSort.csproj", "{4C59D35B-41DF-4036-9934-7FE0A0D293CF}"
EndProject
Project("{FAE04EC0-301F-11D3-BF4B-00C04F79EFBC}") = "MaximalSum", "MaximalSum\MaximalSum.csproj", "{F9CF360C-AB16-4F38-ACEC-2F8CF47E474D}"
EndProject
Project("{FAE04EC0-301F-11D3-BF4B-00C04F79EFBC}") = "FrequentNumber", "FrequentNumber\FrequentNumber.csproj", "{0BBE09FC-90A3-40A3-95EA-AAC7B0B08D87}"
EndProject
Project("{FAE04EC0-301F-11D3-BF4B-00C04F79EFBC}") = "FindSumInArray", "FindSumInArray\FindSumInArray.csproj", "{335AACC2-AD6E-4F29-9446-0C97856E7726}"
EndProject
Project("{FAE04EC0-301F-11D3-BF4B-00C04F79EFBC}") = "BinarySearch", "BinarySearch\BinarySearch.csproj", "{3F0953F9-A13B-4EBE-8A76-FEBF0AD27C7D}"
EndProject
Project("{FAE04EC0-301F-11D3-BF4B-00C04F79EFBC}") = "IndexOfLetters", "IndexOfLetters\IndexOfLetters.csproj", "{86B3BF07-3585-4C30-876D-B367B4143C25}"
EndProject
Project("{FAE04EC0-301F-11D3-BF4B-00C04F79EFBC}") = "MergeSort", "MergeSort\MergeSort.csproj", "{3ECF0C68-8665-4FF6-88E4-244A12825E89}"
EndProject
Project("{FAE04EC0-301F-11D3-BF4B-00C04F79EFBC}") = "QuickSort", "QuickSort\QuickSort.csproj", "{A1CF71F3-801F-4970-A69F-992AFA8B3BC7}"
EndProject
Project("{FAE04EC0-301F-11D3-BF4B-00C04F79EFBC}") = "PrimeNumbers", "PrimeNumbers\PrimeNumbers.csproj", "{6E184232-4D0A-442D-B120-4C329659A2E8}"
EndProject
Global
	GlobalSection(SolutionConfigurationPlatforms) = preSolution
		Debug|Any CPU = Debug|Any CPU
		Release|Any CPU = Release|Any CPU
	EndGlobalSection
	GlobalSection(ProjectConfigurationPlatforms) = postSolution
		{C7F7862B-1A76-477A-8C6D-2D21651B4AB2}.Debug|Any CPU.ActiveCfg = Debug|Any CPU
		{C7F7862B-1A76-477A-8C6D-2D21651B4AB2}.Debug|Any CPU.Build.0 = Debug|Any CPU
		{C7F7862B-1A76-477A-8C6D-2D21651B4AB2}.Release|Any CPU.ActiveCfg = Release|Any CPU
		{C7F7862B-1A76-477A-8C6D-2D21651B4AB2}.Release|Any CPU.Build.0 = Release|Any CPU
		{4C05EE06-1F1D-48BC-BECF-663ED3F422E9}.Debug|Any CPU.ActiveCfg = Debug|Any CPU
		{4C05EE06-1F1D-48BC-BECF-663ED3F422E9}.Debug|Any CPU.Build.0 = Debug|Any CPU
		{4C05EE06-1F1D-48BC-BECF-663ED3F422E9}.Release|Any CPU.ActiveCfg = Release|Any CPU
		{4C05EE06-1F1D-48BC-BECF-663ED3F422E9}.Release|Any CPU.Build.0 = Release|Any CPU
		{871C86D1-85FC-40B2-9B83-F4BD75A62227}.Debug|Any CPU.ActiveCfg = Debug|Any CPU
		{871C86D1-85FC-40B2-9B83-F4BD75A62227}.Debug|Any CPU.Build.0 = Debug|Any CPU
		{871C86D1-85FC-40B2-9B83-F4BD75A62227}.Release|Any CPU.ActiveCfg = Release|Any CPU
		{871C86D1-85FC-40B2-9B83-F4BD75A62227}.Release|Any CPU.Build.0 = Release|Any CPU
		{6BD97C2A-F688-4D78-83EB-97706729C5F3}.Debug|Any CPU.ActiveCfg = Debug|Any CPU
		{6BD97C2A-F688-4D78-83EB-97706729C5F3}.Debug|Any CPU.Build.0 = Debug|Any CPU
		{6BD97C2A-F688-4D78-83EB-97706729C5F3}.Release|Any CPU.ActiveCfg = Release|Any CPU
		{6BD97C2A-F688-4D78-83EB-97706729C5F3}.Release|Any CPU.Build.0 = Release|Any CPU
		{DEA86A17-067B-4724-AFB4-647EE7356DFD}.Debug|Any CPU.ActiveCfg = Debug|Any CPU
		{DEA86A17-067B-4724-AFB4-647EE7356DFD}.Debug|Any CPU.Build.0 = Debug|Any CPU
		{DEA86A17-067B-4724-AFB4-647EE7356DFD}.Release|Any CPU.ActiveCfg = Release|Any CPU
		{DEA86A17-067B-4724-AFB4-647EE7356DFD}.Release|Any CPU.Build.0 = Release|Any CPU
		{02FC1506-9171-4530-84CE-517D3294FABD}.Debug|Any CPU.ActiveCfg = Debug|Any CPU
		{02FC1506-9171-4530-84CE-517D3294FABD}.Debug|Any CPU.Build.0 = Debug|Any CPU
		{02FC1506-9171-4530-84CE-517D3294FABD}.Release|Any CPU.ActiveCfg = Release|Any CPU
		{02FC1506-9171-4530-84CE-517D3294FABD}.Release|Any CPU.Build.0 = Release|Any CPU
		{19E82609-556F-448B-98F3-98286AB10BDD}.Debug|Any CPU.ActiveCfg = Debug|Any CPU
		{19E82609-556F-448B-98F3-98286AB10BDD}.Debug|Any CPU.Build.0 = Debug|Any CPU
		{19E82609-556F-448B-98F3-98286AB10BDD}.Release|Any CPU.ActiveCfg = Release|Any CPU
		{19E82609-556F-448B-98F3-98286AB10BDD}.Release|Any CPU.Build.0 = Release|Any CPU
		{4C59D35B-41DF-4036-9934-7FE0A0D293CF}.Debug|Any CPU.ActiveCfg = Debug|Any CPU
		{4C59D35B-41DF-4036-9934-7FE0A0D293CF}.Debug|Any CPU.Build.0 = Debug|Any CPU
		{4C59D35B-41DF-4036-9934-7FE0A0D293CF}.Release|Any CPU.ActiveCfg = Release|Any CPU
		{4C59D35B-41DF-4036-9934-7FE0A0D293CF}.Release|Any CPU.Build.0 = Release|Any CPU
		{F9CF360C-AB16-4F38-ACEC-2F8CF47E474D}.Debug|Any CPU.ActiveCfg = Debug|Any CPU
		{F9CF360C-AB16-4F38-ACEC-2F8CF47E474D}.Debug|Any CPU.Build.0 = Debug|Any CPU
		{F9CF360C-AB16-4F38-ACEC-2F8CF47E474D}.Release|Any CPU.ActiveCfg = Release|Any CPU
		{F9CF360C-AB16-4F38-ACEC-2F8CF47E474D}.Release|Any CPU.Build.0 = Release|Any CPU
		{0BBE09FC-90A3-40A3-95EA-AAC7B0B08D87}.Debug|Any CPU.ActiveCfg = Debug|Any CPU
		{0BBE09FC-90A3-40A3-95EA-AAC7B0B08D87}.Debug|Any CPU.Build.0 = Debug|Any CPU
		{0BBE09FC-90A3-40A3-95EA-AAC7B0B08D87}.Release|Any CPU.ActiveCfg = Release|Any CPU
		{0BBE09FC-90A3-40A3-95EA-AAC7B0B08D87}.Release|Any CPU.Build.0 = Release|Any CPU
		{335AACC2-AD6E-4F29-9446-0C97856E7726}.Debug|Any CPU.ActiveCfg = Debug|Any CPU
		{335AACC2-AD6E-4F29-9446-0C97856E7726}.Debug|Any CPU.Build.0 = Debug|Any CPU
		{335AACC2-AD6E-4F29-9446-0C97856E7726}.Release|Any CPU.ActiveCfg = Release|Any CPU
		{335AACC2-AD6E-4F29-9446-0C97856E7726}.Release|Any CPU.Build.0 = Release|Any CPU
		{3F0953F9-A13B-4EBE-8A76-FEBF0AD27C7D}.Debug|Any CPU.ActiveCfg = Debug|Any CPU
		{3F0953F9-A13B-4EBE-8A76-FEBF0AD27C7D}.Debug|Any CPU.Build.0 = Debug|Any CPU
		{3F0953F9-A13B-4EBE-8A76-FEBF0AD27C7D}.Release|Any CPU.ActiveCfg = Release|Any CPU
		{3F0953F9-A13B-4EBE-8A76-FEBF0AD27C7D}.Release|Any CPU.Build.0 = Release|Any CPU
		{86B3BF07-3585-4C30-876D-B367B4143C25}.Debug|Any CPU.ActiveCfg = Debug|Any CPU
		{86B3BF07-3585-4C30-876D-B367B4143C25}.Debug|Any CPU.Build.0 = Debug|Any CPU
		{86B3BF07-3585-4C30-876D-B367B4143C25}.Release|Any CPU.ActiveCfg = Release|Any CPU
		{86B3BF07-3585-4C30-876D-B367B4143C25}.Release|Any CPU.Build.0 = Release|Any CPU
		{3ECF0C68-8665-4FF6-88E4-244A12825E89}.Debug|Any CPU.ActiveCfg = Debug|Any CPU
		{3ECF0C68-8665-4FF6-88E4-244A12825E89}.Debug|Any CPU.Build.0 = Debug|Any CPU
		{3ECF0C68-8665-4FF6-88E4-244A12825E89}.Release|Any CPU.ActiveCfg = Release|Any CPU
		{3ECF0C68-8665-4FF6-88E4-244A12825E89}.Release|Any CPU.Build.0 = Release|Any CPU
		{A1CF71F3-801F-4970-A69F-992AFA8B3BC7}.Debug|Any CPU.ActiveCfg = Debug|Any CPU
		{A1CF71F3-801F-4970-A69F-992AFA8B3BC7}.Debug|Any CPU.Build.0 = Debug|Any CPU
		{A1CF71F3-801F-4970-A69F-992AFA8B3BC7}.Release|Any CPU.ActiveCfg = Release|Any CPU
		{A1CF71F3-801F-4970-A69F-992AFA8B3BC7}.Release|Any CPU.Build.0 = Release|Any CPU
		{6E184232-4D0A-442D-B120-4C329659A2E8}.Debug|Any CPU.ActiveCfg = Debug|Any CPU
		{6E184232-4D0A-442D-B120-4C329659A2E8}.Debug|Any CPU.Build.0 = Debug|Any CPU
		{6E184232-4D0A-442D-B120-4C329659A2E8}.Release|Any CPU.ActiveCfg = Release|Any CPU
		{6E184232-4D0A-442D-B120-4C329659A2E8}.Release|Any CPU.Build.0 = Release|Any CPU
	EndGlobalSection
	GlobalSection(SolutionProperties) = preSolution
		HideSolutionNode = FALSE
	EndGlobalSection
EndGlobal
