
Microsoft Visual Studio Solution File, Format Version 12.00
# Visual Studio 14
VisualStudioVersion = 14.0.24720.0
MinimumVisualStudioVersion = 10.0.40219.1
Project("{FAE04EC0-301F-11D3-BF4B-00C04F79EFBC}") = "Problem1.School", "Problem1.School\Problem1.School.csproj", "{6B72E5FA-7DCB-4087-9285-C521CB7DC12C}"
EndProject
Project("{FAE04EC0-301F-11D3-BF4B-00C04F79EFBC}") = "Problem2.HumanStudentWorker", "Problem2.HumanStudentWorker\Problem2.HumanStudentWorker.csproj", "{6248D063-6A49-4C0A-817B-13267E74C976}"
EndProject
Project("{FAE04EC0-301F-11D3-BF4B-00C04F79EFBC}") = "Problem3.Animals", "Problem3.Animals\Problem3.Animals.csproj", "{F465C96C-B9A3-4818-B92F-DCD621DF8602}"
EndProject
Project("{FAE04EC0-301F-11D3-BF4B-00C04F79EFBC}") = "Problem4.CompanyHierarchy", "Problem4.CompanyHierarchy\Problem4.CompanyHierarchy.csproj", "{0B4A4DCE-BD17-4CEE-95D8-6E74DA24F54D}"
EndProject
Global
	GlobalSection(SolutionConfigurationPlatforms) = preSolution
		Debug|Any CPU = Debug|Any CPU
		Release|Any CPU = Release|Any CPU
	EndGlobalSection
	GlobalSection(ProjectConfigurationPlatforms) = postSolution
		{6B72E5FA-7DCB-4087-9285-C521CB7DC12C}.Debug|Any CPU.ActiveCfg = Debug|Any CPU
		{6B72E5FA-7DCB-4087-9285-C521CB7DC12C}.Debug|Any CPU.Build.0 = Debug|Any CPU
		{6B72E5FA-7DCB-4087-9285-C521CB7DC12C}.Release|Any CPU.ActiveCfg = Release|Any CPU
		{6B72E5FA-7DCB-4087-9285-C521CB7DC12C}.Release|Any CPU.Build.0 = Release|Any CPU
		{6248D063-6A49-4C0A-817B-13267E74C976}.Debug|Any CPU.ActiveCfg = Debug|Any CPU
		{6248D063-6A49-4C0A-817B-13267E74C976}.Debug|Any CPU.Build.0 = Debug|Any CPU
		{6248D063-6A49-4C0A-817B-13267E74C976}.Release|Any CPU.ActiveCfg = Release|Any CPU
		{6248D063-6A49-4C0A-817B-13267E74C976}.Release|Any CPU.Build.0 = Release|Any CPU
		{F465C96C-B9A3-4818-B92F-DCD621DF8602}.Debug|Any CPU.ActiveCfg = Debug|Any CPU
		{F465C96C-B9A3-4818-B92F-DCD621DF8602}.Debug|Any CPU.Build.0 = Debug|Any CPU
		{F465C96C-B9A3-4818-B92F-DCD621DF8602}.Release|Any CPU.ActiveCfg = Release|Any CPU
		{F465C96C-B9A3-4818-B92F-DCD621DF8602}.Release|Any CPU.Build.0 = Release|Any CPU
		{0B4A4DCE-BD17-4CEE-95D8-6E74DA24F54D}.Debug|Any CPU.ActiveCfg = Debug|Any CPU
		{0B4A4DCE-BD17-4CEE-95D8-6E74DA24F54D}.Debug|Any CPU.Build.0 = Debug|Any CPU
		{0B4A4DCE-BD17-4CEE-95D8-6E74DA24F54D}.Release|Any CPU.ActiveCfg = Release|Any CPU
		{0B4A4DCE-BD17-4CEE-95D8-6E74DA24F54D}.Release|Any CPU.Build.0 = Release|Any CPU
	EndGlobalSection
	GlobalSection(SolutionProperties) = preSolution
		HideSolutionNode = FALSE
	EndGlobalSection
EndGlobal
