
Microsoft Visual Studio Solution File, Format Version 12.00
# Visual Studio 14
VisualStudioVersion = 14.0.23107.0
MinimumVisualStudioVersion = 10.0.40219.1
Project("{FAE04EC0-301F-11D3-BF4B-00C04F79EFBC}") = "Toto-6_49", "Toto-6_49\Toto-6_49.csproj", "{211F296C-DF87-4D3E-9E59-93A07FBAF3D1}"
EndProject
Project("{FAE04EC0-301F-11D3-BF4B-00C04F79EFBC}") = "Print N Numbers", "Print N Numbers\Print N Numbers.csproj", "{F3390735-A413-46B6-A68C-D74B8164B282}"
EndProject
Project("{FAE04EC0-301F-11D3-BF4B-00C04F79EFBC}") = "Print N Number Non Divisible By 3 And 7", "Print N Number Non Divisible By 3 And 7\Print N Number Non Divisible By 3 And 7.csproj", "{68CC7476-35BB-484E-BA01-13B10CB3378B}"
EndProject
Project("{FAE04EC0-301F-11D3-BF4B-00C04F79EFBC}") = "TEST", "TEST\TEST.csproj", "{DCA664B8-C22B-434F-BF6B-D2AE897918F0}"
EndProject
Project("{FAE04EC0-301F-11D3-BF4B-00C04F79EFBC}") = "Find Min And Maximal Number", "Find Min And Maximal Number\Find Min And Maximal Number.csproj", "{6129CC92-C107-4E3B-9ED3-4F6DCAD739C0}"
EndProject
Project("{FAE04EC0-301F-11D3-BF4B-00C04F79EFBC}") = "Devision Of Factorials", "Devision Of Factorials\Devision Of Factorials.csproj", "{F41E88AF-02D2-4D73-A77F-17555DFADE5B}"
EndProject
Project("{FAE04EC0-301F-11D3-BF4B-00C04F79EFBC}") = "Factorial Calculations", "Factorial Calculations\Factorial Calculations.csproj", "{6328E110-9213-485F-A18C-D941CDC64B18}"
EndProject
Project("{FAE04EC0-301F-11D3-BF4B-00C04F79EFBC}") = "Sum Calculation", "Sum Calculation\Sum Calculation.csproj", "{C33F3CD7-C68E-4C9E-BA0F-B71622427380}"
EndProject
Project("{FAE04EC0-301F-11D3-BF4B-00C04F79EFBC}") = "Fibonacci Sequence", "Fibonacci Sequence\Fibonacci Sequence.csproj", "{57F15426-873B-4993-804F-395FAA8744F5}"
EndProject
Project("{FAE04EC0-301F-11D3-BF4B-00C04F79EFBC}") = "Greatest Common Devider", "Greatest Common Devider\Greatest Common Devider.csproj", "{86B895F5-EC83-45A5-B180-C37F9EDBE40E}"
EndProject
Project("{FAE04EC0-301F-11D3-BF4B-00C04F79EFBC}") = "Catalan Numbers", "Catalan Numbers\Catalan Numbers.csproj", "{5C177F0F-ADF0-4301-9850-3CFE52E30120}"
EndProject
Project("{FAE04EC0-301F-11D3-BF4B-00C04F79EFBC}") = "Print Card Names", "Print Card Names\Print Card Names.csproj", "{52A4EC7B-AD15-4368-AA20-4A58485ECB9F}"
EndProject
Project("{FAE04EC0-301F-11D3-BF4B-00C04F79EFBC}") = "Print Matrix", "Print Matrix\Print Matrix.csproj", "{CE60DD7B-BAE6-4E52-8A5E-799DE68FF4C0}"
EndProject
Project("{FAE04EC0-301F-11D3-BF4B-00C04F79EFBC}") = "Find Zeroes At The End Of The Factorial", "Find Zeroes At The End Of The Factorial\Find Zeroes At The End Of The Factorial.csproj", "{A5FFD300-4EEE-45E7-BEBF-8D70CB58095A}"
EndProject
Global
	GlobalSection(SolutionConfigurationPlatforms) = preSolution
		Debug|Any CPU = Debug|Any CPU
		Release|Any CPU = Release|Any CPU
	EndGlobalSection
	GlobalSection(ProjectConfigurationPlatforms) = postSolution
		{211F296C-DF87-4D3E-9E59-93A07FBAF3D1}.Debug|Any CPU.ActiveCfg = Debug|Any CPU
		{211F296C-DF87-4D3E-9E59-93A07FBAF3D1}.Debug|Any CPU.Build.0 = Debug|Any CPU
		{211F296C-DF87-4D3E-9E59-93A07FBAF3D1}.Release|Any CPU.ActiveCfg = Release|Any CPU
		{211F296C-DF87-4D3E-9E59-93A07FBAF3D1}.Release|Any CPU.Build.0 = Release|Any CPU
		{F3390735-A413-46B6-A68C-D74B8164B282}.Debug|Any CPU.ActiveCfg = Debug|Any CPU
		{F3390735-A413-46B6-A68C-D74B8164B282}.Debug|Any CPU.Build.0 = Debug|Any CPU
		{F3390735-A413-46B6-A68C-D74B8164B282}.Release|Any CPU.ActiveCfg = Release|Any CPU
		{F3390735-A413-46B6-A68C-D74B8164B282}.Release|Any CPU.Build.0 = Release|Any CPU
		{68CC7476-35BB-484E-BA01-13B10CB3378B}.Debug|Any CPU.ActiveCfg = Debug|Any CPU
		{68CC7476-35BB-484E-BA01-13B10CB3378B}.Debug|Any CPU.Build.0 = Debug|Any CPU
		{68CC7476-35BB-484E-BA01-13B10CB3378B}.Release|Any CPU.ActiveCfg = Release|Any CPU
		{68CC7476-35BB-484E-BA01-13B10CB3378B}.Release|Any CPU.Build.0 = Release|Any CPU
		{DCA664B8-C22B-434F-BF6B-D2AE897918F0}.Debug|Any CPU.ActiveCfg = Debug|Any CPU
		{DCA664B8-C22B-434F-BF6B-D2AE897918F0}.Debug|Any CPU.Build.0 = Debug|Any CPU
		{DCA664B8-C22B-434F-BF6B-D2AE897918F0}.Release|Any CPU.ActiveCfg = Release|Any CPU
		{DCA664B8-C22B-434F-BF6B-D2AE897918F0}.Release|Any CPU.Build.0 = Release|Any CPU
		{6129CC92-C107-4E3B-9ED3-4F6DCAD739C0}.Debug|Any CPU.ActiveCfg = Debug|Any CPU
		{6129CC92-C107-4E3B-9ED3-4F6DCAD739C0}.Debug|Any CPU.Build.0 = Debug|Any CPU
		{6129CC92-C107-4E3B-9ED3-4F6DCAD739C0}.Release|Any CPU.ActiveCfg = Release|Any CPU
		{6129CC92-C107-4E3B-9ED3-4F6DCAD739C0}.Release|Any CPU.Build.0 = Release|Any CPU
		{F41E88AF-02D2-4D73-A77F-17555DFADE5B}.Debug|Any CPU.ActiveCfg = Debug|Any CPU
		{F41E88AF-02D2-4D73-A77F-17555DFADE5B}.Debug|Any CPU.Build.0 = Debug|Any CPU
		{F41E88AF-02D2-4D73-A77F-17555DFADE5B}.Release|Any CPU.ActiveCfg = Release|Any CPU
		{F41E88AF-02D2-4D73-A77F-17555DFADE5B}.Release|Any CPU.Build.0 = Release|Any CPU
		{6328E110-9213-485F-A18C-D941CDC64B18}.Debug|Any CPU.ActiveCfg = Debug|Any CPU
		{6328E110-9213-485F-A18C-D941CDC64B18}.Debug|Any CPU.Build.0 = Debug|Any CPU
		{6328E110-9213-485F-A18C-D941CDC64B18}.Release|Any CPU.ActiveCfg = Release|Any CPU
		{6328E110-9213-485F-A18C-D941CDC64B18}.Release|Any CPU.Build.0 = Release|Any CPU
		{C33F3CD7-C68E-4C9E-BA0F-B71622427380}.Debug|Any CPU.ActiveCfg = Debug|Any CPU
		{C33F3CD7-C68E-4C9E-BA0F-B71622427380}.Debug|Any CPU.Build.0 = Debug|Any CPU
		{C33F3CD7-C68E-4C9E-BA0F-B71622427380}.Release|Any CPU.ActiveCfg = Release|Any CPU
		{C33F3CD7-C68E-4C9E-BA0F-B71622427380}.Release|Any CPU.Build.0 = Release|Any CPU
		{57F15426-873B-4993-804F-395FAA8744F5}.Debug|Any CPU.ActiveCfg = Debug|Any CPU
		{57F15426-873B-4993-804F-395FAA8744F5}.Debug|Any CPU.Build.0 = Debug|Any CPU
		{57F15426-873B-4993-804F-395FAA8744F5}.Release|Any CPU.ActiveCfg = Release|Any CPU
		{57F15426-873B-4993-804F-395FAA8744F5}.Release|Any CPU.Build.0 = Release|Any CPU
		{86B895F5-EC83-45A5-B180-C37F9EDBE40E}.Debug|Any CPU.ActiveCfg = Debug|Any CPU
		{86B895F5-EC83-45A5-B180-C37F9EDBE40E}.Debug|Any CPU.Build.0 = Debug|Any CPU
		{86B895F5-EC83-45A5-B180-C37F9EDBE40E}.Release|Any CPU.ActiveCfg = Release|Any CPU
		{86B895F5-EC83-45A5-B180-C37F9EDBE40E}.Release|Any CPU.Build.0 = Release|Any CPU
		{5C177F0F-ADF0-4301-9850-3CFE52E30120}.Debug|Any CPU.ActiveCfg = Debug|Any CPU
		{5C177F0F-ADF0-4301-9850-3CFE52E30120}.Debug|Any CPU.Build.0 = Debug|Any CPU
		{5C177F0F-ADF0-4301-9850-3CFE52E30120}.Release|Any CPU.ActiveCfg = Release|Any CPU
		{5C177F0F-ADF0-4301-9850-3CFE52E30120}.Release|Any CPU.Build.0 = Release|Any CPU
		{52A4EC7B-AD15-4368-AA20-4A58485ECB9F}.Debug|Any CPU.ActiveCfg = Debug|Any CPU
		{52A4EC7B-AD15-4368-AA20-4A58485ECB9F}.Debug|Any CPU.Build.0 = Debug|Any CPU
		{52A4EC7B-AD15-4368-AA20-4A58485ECB9F}.Release|Any CPU.ActiveCfg = Release|Any CPU
		{52A4EC7B-AD15-4368-AA20-4A58485ECB9F}.Release|Any CPU.Build.0 = Release|Any CPU
		{CE60DD7B-BAE6-4E52-8A5E-799DE68FF4C0}.Debug|Any CPU.ActiveCfg = Debug|Any CPU
		{CE60DD7B-BAE6-4E52-8A5E-799DE68FF4C0}.Debug|Any CPU.Build.0 = Debug|Any CPU
		{CE60DD7B-BAE6-4E52-8A5E-799DE68FF4C0}.Release|Any CPU.ActiveCfg = Release|Any CPU
		{CE60DD7B-BAE6-4E52-8A5E-799DE68FF4C0}.Release|Any CPU.Build.0 = Release|Any CPU
		{A5FFD300-4EEE-45E7-BEBF-8D70CB58095A}.Debug|Any CPU.ActiveCfg = Debug|Any CPU
		{A5FFD300-4EEE-45E7-BEBF-8D70CB58095A}.Debug|Any CPU.Build.0 = Debug|Any CPU
		{A5FFD300-4EEE-45E7-BEBF-8D70CB58095A}.Release|Any CPU.ActiveCfg = Release|Any CPU
		{A5FFD300-4EEE-45E7-BEBF-8D70CB58095A}.Release|Any CPU.Build.0 = Release|Any CPU
	EndGlobalSection
	GlobalSection(SolutionProperties) = preSolution
		HideSolutionNode = FALSE
	EndGlobalSection
EndGlobal
