
Microsoft Visual Studio Solution File, Format Version 12.00
# Visual Studio 14
VisualStudioVersion = 14.0.23107.0
MinimumVisualStudioVersion = 10.0.40219.1
Project("{FAE04EC0-301F-11D3-BF4B-00C04F79EFBC}") = "5.ShuffleBits", "5.ShuffleBits\5.ShuffleBits.csproj", "{E991F275-BD48-4113-8BD3-D60735D13D33}"
EndProject
Project("{FAE04EC0-301F-11D3-BF4B-00C04F79EFBC}") = "4.PerfectGirlfriend", "4.PerfectGirlfriend\4.PerfectGirlfriend.csproj", "{D275A02C-A85F-44A0-8642-A19A9FA87D48}"
EndProject
Project("{FAE04EC0-301F-11D3-BF4B-00C04F79EFBC}") = "3.LocalElections", "3.LocalElections\3.LocalElections.csproj", "{081380A1-6DA0-47FF-9400-2EE027A84B54}"
EndProject
Project("{FAE04EC0-301F-11D3-BF4B-00C04F79EFBC}") = "2.SudokuResults", "2.SudokuResults\2.SudokuResults.csproj", "{11CAE7EC-27E0-4DA7-8CF0-5B006BDA0B0F}"
EndProject
Project("{FAE04EC0-301F-11D3-BF4B-00C04F79EFBC}") = "1.ProspectinHospitality", "1.ProspectinHospitality\1.ProspectinHospitality.csproj", "{BC928955-C0A4-4A86-BB37-98120EF82449}"
EndProject
Global
	GlobalSection(SolutionConfigurationPlatforms) = preSolution
		Debug|Any CPU = Debug|Any CPU
		Release|Any CPU = Release|Any CPU
	EndGlobalSection
	GlobalSection(ProjectConfigurationPlatforms) = postSolution
		{E991F275-BD48-4113-8BD3-D60735D13D33}.Debug|Any CPU.ActiveCfg = Debug|Any CPU
		{E991F275-BD48-4113-8BD3-D60735D13D33}.Debug|Any CPU.Build.0 = Debug|Any CPU
		{E991F275-BD48-4113-8BD3-D60735D13D33}.Release|Any CPU.ActiveCfg = Release|Any CPU
		{E991F275-BD48-4113-8BD3-D60735D13D33}.Release|Any CPU.Build.0 = Release|Any CPU
		{D275A02C-A85F-44A0-8642-A19A9FA87D48}.Debug|Any CPU.ActiveCfg = Debug|Any CPU
		{D275A02C-A85F-44A0-8642-A19A9FA87D48}.Debug|Any CPU.Build.0 = Debug|Any CPU
		{D275A02C-A85F-44A0-8642-A19A9FA87D48}.Release|Any CPU.ActiveCfg = Release|Any CPU
		{D275A02C-A85F-44A0-8642-A19A9FA87D48}.Release|Any CPU.Build.0 = Release|Any CPU
		{081380A1-6DA0-47FF-9400-2EE027A84B54}.Debug|Any CPU.ActiveCfg = Debug|Any CPU
		{081380A1-6DA0-47FF-9400-2EE027A84B54}.Debug|Any CPU.Build.0 = Debug|Any CPU
		{081380A1-6DA0-47FF-9400-2EE027A84B54}.Release|Any CPU.ActiveCfg = Release|Any CPU
		{081380A1-6DA0-47FF-9400-2EE027A84B54}.Release|Any CPU.Build.0 = Release|Any CPU
		{11CAE7EC-27E0-4DA7-8CF0-5B006BDA0B0F}.Debug|Any CPU.ActiveCfg = Debug|Any CPU
		{11CAE7EC-27E0-4DA7-8CF0-5B006BDA0B0F}.Debug|Any CPU.Build.0 = Debug|Any CPU
		{11CAE7EC-27E0-4DA7-8CF0-5B006BDA0B0F}.Release|Any CPU.ActiveCfg = Release|Any CPU
		{11CAE7EC-27E0-4DA7-8CF0-5B006BDA0B0F}.Release|Any CPU.Build.0 = Release|Any CPU
		{BC928955-C0A4-4A86-BB37-98120EF82449}.Debug|Any CPU.ActiveCfg = Debug|Any CPU
		{BC928955-C0A4-4A86-BB37-98120EF82449}.Debug|Any CPU.Build.0 = Debug|Any CPU
		{BC928955-C0A4-4A86-BB37-98120EF82449}.Release|Any CPU.ActiveCfg = Release|Any CPU
		{BC928955-C0A4-4A86-BB37-98120EF82449}.Release|Any CPU.Build.0 = Release|Any CPU
	EndGlobalSection
	GlobalSection(SolutionProperties) = preSolution
		HideSolutionNode = FALSE
	EndGlobalSection
EndGlobal
