
Microsoft Visual Studio Solution File, Format Version 12.00
# Visual Studio 14
VisualStudioVersion = 14.0.23107.0
MinimumVisualStudioVersion = 10.0.40219.1
Project("{FAE04EC0-301F-11D3-BF4B-00C04F79EFBC}") = "Small Shop", "Small Shop\Small Shop.csproj", "{D98DD3AF-B729-4310-A172-482FE4053CE5}"
EndProject
Project("{FAE04EC0-301F-11D3-BF4B-00C04F79EFBC}") = "Cinema", "Cinema\Cinema.csproj", "{991F4353-2F5D-46C0-8121-AFC6E0D15D2E}"
EndProject
Global
	GlobalSection(SolutionConfigurationPlatforms) = preSolution
		Debug|Any CPU = Debug|Any CPU
		Release|Any CPU = Release|Any CPU
	EndGlobalSection
	GlobalSection(ProjectConfigurationPlatforms) = postSolution
		{D98DD3AF-B729-4310-A172-482FE4053CE5}.Debug|Any CPU.ActiveCfg = Debug|Any CPU
		{D98DD3AF-B729-4310-A172-482FE4053CE5}.Debug|Any CPU.Build.0 = Debug|Any CPU
		{D98DD3AF-B729-4310-A172-482FE4053CE5}.Release|Any CPU.ActiveCfg = Release|Any CPU
		{D98DD3AF-B729-4310-A172-482FE4053CE5}.Release|Any CPU.Build.0 = Release|Any CPU
		{991F4353-2F5D-46C0-8121-AFC6E0D15D2E}.Debug|Any CPU.ActiveCfg = Debug|Any CPU
		{991F4353-2F5D-46C0-8121-AFC6E0D15D2E}.Debug|Any CPU.Build.0 = Debug|Any CPU
		{991F4353-2F5D-46C0-8121-AFC6E0D15D2E}.Release|Any CPU.ActiveCfg = Release|Any CPU
		{991F4353-2F5D-46C0-8121-AFC6E0D15D2E}.Release|Any CPU.Build.0 = Release|Any CPU
	EndGlobalSection
	GlobalSection(SolutionProperties) = preSolution
		HideSolutionNode = FALSE
	EndGlobalSection
EndGlobal
